
Microsoft Visual Studio Solution File, Format Version 12.00
# Visual Studio 2013
VisualStudioVersion = 12.0.21005.1
MinimumVisualStudioVersion = 10.0.40219.1
Project("{2150E333-8FDC-42A3-9474-1A3956D46DE8}") = "Framework", "Framework", "{29F8844D-3B39-4CC7-8502-19310854A064}"
EndProject
Project("{FAE04EC0-301F-11D3-BF4B-00C04F79EFBC}") = "org.ohdsi.cdm.framework.data", "Framework\org.ohdsi.cdm.framework.data\org.ohdsi.cdm.framework.data.csproj", "{E41E1C0D-6032-4CBC-B3A5-DD262445609F}"
EndProject
Project("{FAE04EC0-301F-11D3-BF4B-00C04F79EFBC}") = "org.ohdsi.cdm.framework.shared", "Framework\org.ohdsi.cdm.framework.shared\org.ohdsi.cdm.framework.shared.csproj", "{EB712DE3-E0A1-4AEC-AA0F-AD54CEE01C68}"
EndProject
Project("{FAE04EC0-301F-11D3-BF4B-00C04F79EFBC}") = "org.ohdsi.cdm.framework.entities", "Framework\org.ohdsi.cdm.framework.entities\org.ohdsi.cdm.framework.entities.csproj", "{5625A098-2ED8-46F1-A60B-146FD7449DA3}"
EndProject
Project("{FAE04EC0-301F-11D3-BF4B-00C04F79EFBC}") = "org.ohdsi.cdm.framework.core", "Framework\org.ohdsi.cdm.framework.core\org.ohdsi.cdm.framework.core.csproj", "{1C984C39-9FF9-4D80-B591-B82A76660103}"
EndProject
Project("{2150E333-8FDC-42A3-9474-1A3956D46DE8}") = "Builders", "Builders", "{841F6DD6-12BC-46B6-8952-2D159538BE62}"
EndProject
Project("{FAE04EC0-301F-11D3-BF4B-00C04F79EFBC}") = "org.ohdsi.cdm.builders.cprd", "Builders\org.ohdsi.cdm.builders.cprd\org.ohdsi.cdm.builders.cprd.csproj", "{1FFE4F4A-556B-4048-8AFE-DFDED6F2FF0B}"
EndProject
Project("{FAE04EC0-301F-11D3-BF4B-00C04F79EFBC}") = "org.ohdsi.cdm.builders.drugera", "Builders\org.ohdsi.cdm.builders.drugera\org.ohdsi.cdm.builders.drugera.csproj", "{AFCF8CC6-CF54-437E-888C-A027D5FF913E}"
EndProject
Project("{FAE04EC0-301F-11D3-BF4B-00C04F79EFBC}") = "org.ohdsi.cdm.builders.nhanes", "Builders\org.ohdsi.cdm.builders.nhanes\org.ohdsi.cdm.builders.nhanes.csproj", "{D0DC1EF7-698D-4E54-83D9-BBEA6C2D05D2}"
EndProject
Project("{FAE04EC0-301F-11D3-BF4B-00C04F79EFBC}") = "org.ohdsi.cdm.builders.optum", "Builders\org.ohdsi.cdm.builders.optum\org.ohdsi.cdm.builders.optum.csproj", "{6BF3686C-93EF-4336-AFF8-E0A4A742AD3B}"
EndProject
Project("{FAE04EC0-301F-11D3-BF4B-00C04F79EFBC}") = "org.ohdsi.cdm.builders.premier", "Builders\org.ohdsi.cdm.builders.premier\org.ohdsi.cdm.builders.premier.csproj", "{CDDC5B73-24FA-46C7-B848-FE3554C6C65B}"
EndProject
Project("{FAE04EC0-301F-11D3-BF4B-00C04F79EFBC}") = "org.ohdsi.cdm.builders.truven", "Builders\org.ohdsi.cdm.builders.truven\org.ohdsi.cdm.builders.truven.csproj", "{211C1346-B8F8-4CE6-A610-CA4B479DD4BE}"
EndProject
Project("{2150E333-8FDC-42A3-9474-1A3956D46DE8}") = "Presentation", "Presentation", "{6CD59175-6606-4E1A-B171-CF631615BF0F}"
EndProject
Project("{FAE04EC0-301F-11D3-BF4B-00C04F79EFBC}") = "org.ohdsi.cdm.presentation.builderprocess", "Presentation\org.ohdsi.cdm.presentation.builderprocess\org.ohdsi.cdm.presentation.builderprocess.csproj", "{B76BC58F-F8EB-4953-9AD9-00EAE7F1C23D}"
EndProject
Project("{FAE04EC0-301F-11D3-BF4B-00C04F79EFBC}") = "org.ohdsi.cdm.presentation.buildingmanager", "Presentation\org.ohdsi.cdm.presentation.buildingmanager\org.ohdsi.cdm.presentation.buildingmanager.csproj", "{15CAC549-EAC7-461C-859E-9D4AF121B9D7}"
EndProject
Project("{2150E333-8FDC-42A3-9474-1A3956D46DE8}") = "Tests", "Tests", "{69D5B1B9-1EF1-47EC-8FAF-88D5D2CF0A2C}"
EndProject
Project("{FAE04EC0-301F-11D3-BF4B-00C04F79EFBC}") = "org.ohdsi.cdm.tests", "Tests\org.ohdsi.cdm.tests\org.ohdsi.cdm.tests.csproj", "{BE3D4020-39EF-4CE6-ACF3-11D358F0DCB7}"
EndProject
Project("{2150E333-8FDC-42A3-9474-1A3956D46DE8}") = "Solution Items", "Solution Items", "{41B22A22-F753-4E83-B50C-11AAED7C3186}"
	ProjectSection(SolutionItems) = preProject
		BuilderDb Tables Creation.sql = BuilderDb Tables Creation.sql
	EndProjectSection
EndProject
Global
	GlobalSection(SolutionConfigurationPlatforms) = preSolution
		Debug|Any CPU = Debug|Any CPU
		Debug|Mixed Platforms = Debug|Mixed Platforms
		Debug|x64 = Debug|x64
		Debug|x86 = Debug|x86
		Release|Any CPU = Release|Any CPU
		Release|Mixed Platforms = Release|Mixed Platforms
		Release|x64 = Release|x64
		Release|x86 = Release|x86
		x64 Solution Configuration|Any CPU = x64 Solution Configuration|Any CPU
		x64 Solution Configuration|Mixed Platforms = x64 Solution Configuration|Mixed Platforms
		x64 Solution Configuration|x64 = x64 Solution Configuration|x64
		x64 Solution Configuration|x86 = x64 Solution Configuration|x86
	EndGlobalSection
	GlobalSection(ProjectConfigurationPlatforms) = postSolution
		{E41E1C0D-6032-4CBC-B3A5-DD262445609F}.Debug|Any CPU.ActiveCfg = Debug|Any CPU
		{E41E1C0D-6032-4CBC-B3A5-DD262445609F}.Debug|Any CPU.Build.0 = Debug|Any CPU
		{E41E1C0D-6032-4CBC-B3A5-DD262445609F}.Debug|Mixed Platforms.ActiveCfg = Debug|Any CPU
		{E41E1C0D-6032-4CBC-B3A5-DD262445609F}.Debug|Mixed Platforms.Build.0 = Debug|Any CPU
		{E41E1C0D-6032-4CBC-B3A5-DD262445609F}.Debug|x64.ActiveCfg = Debug|Any CPU
		{E41E1C0D-6032-4CBC-B3A5-DD262445609F}.Debug|x64.Build.0 = Debug|Any CPU
		{E41E1C0D-6032-4CBC-B3A5-DD262445609F}.Debug|x86.ActiveCfg = Debug|Any CPU
		{E41E1C0D-6032-4CBC-B3A5-DD262445609F}.Release|Any CPU.ActiveCfg = Release|Any CPU
		{E41E1C0D-6032-4CBC-B3A5-DD262445609F}.Release|Any CPU.Build.0 = Release|Any CPU
		{E41E1C0D-6032-4CBC-B3A5-DD262445609F}.Release|Mixed Platforms.ActiveCfg = Release|Any CPU
		{E41E1C0D-6032-4CBC-B3A5-DD262445609F}.Release|Mixed Platforms.Build.0 = Release|Any CPU
		{E41E1C0D-6032-4CBC-B3A5-DD262445609F}.Release|x64.ActiveCfg = Release|x64
		{E41E1C0D-6032-4CBC-B3A5-DD262445609F}.Release|x64.Build.0 = Release|x64
		{E41E1C0D-6032-4CBC-B3A5-DD262445609F}.Release|x86.ActiveCfg = Release|Any CPU
		{E41E1C0D-6032-4CBC-B3A5-DD262445609F}.x64 Solution Configuration|Any CPU.ActiveCfg = Release|Any CPU
		{E41E1C0D-6032-4CBC-B3A5-DD262445609F}.x64 Solution Configuration|Any CPU.Build.0 = Release|Any CPU
		{E41E1C0D-6032-4CBC-B3A5-DD262445609F}.x64 Solution Configuration|Mixed Platforms.ActiveCfg = Release|Any CPU
		{E41E1C0D-6032-4CBC-B3A5-DD262445609F}.x64 Solution Configuration|Mixed Platforms.Build.0 = Release|Any CPU
		{E41E1C0D-6032-4CBC-B3A5-DD262445609F}.x64 Solution Configuration|x64.ActiveCfg = Release|Any CPU
		{E41E1C0D-6032-4CBC-B3A5-DD262445609F}.x64 Solution Configuration|x86.ActiveCfg = Release|Any CPU
		{EB712DE3-E0A1-4AEC-AA0F-AD54CEE01C68}.Debug|Any CPU.ActiveCfg = Debug|Any CPU
		{EB712DE3-E0A1-4AEC-AA0F-AD54CEE01C68}.Debug|Any CPU.Build.0 = Debug|Any CPU
		{EB712DE3-E0A1-4AEC-AA0F-AD54CEE01C68}.Debug|Mixed Platforms.ActiveCfg = Debug|Any CPU
		{EB712DE3-E0A1-4AEC-AA0F-AD54CEE01C68}.Debug|Mixed Platforms.Build.0 = Debug|Any CPU
		{EB712DE3-E0A1-4AEC-AA0F-AD54CEE01C68}.Debug|x64.ActiveCfg = Debug|Any CPU
		{EB712DE3-E0A1-4AEC-AA0F-AD54CEE01C68}.Debug|x64.Build.0 = Debug|Any CPU
		{EB712DE3-E0A1-4AEC-AA0F-AD54CEE01C68}.Debug|x86.ActiveCfg = Debug|Any CPU
		{EB712DE3-E0A1-4AEC-AA0F-AD54CEE01C68}.Release|Any CPU.ActiveCfg = Release|Any CPU
		{EB712DE3-E0A1-4AEC-AA0F-AD54CEE01C68}.Release|Any CPU.Build.0 = Release|Any CPU
		{EB712DE3-E0A1-4AEC-AA0F-AD54CEE01C68}.Release|Mixed Platforms.ActiveCfg = Release|Any CPU
		{EB712DE3-E0A1-4AEC-AA0F-AD54CEE01C68}.Release|Mixed Platforms.Build.0 = Release|Any CPU
		{EB712DE3-E0A1-4AEC-AA0F-AD54CEE01C68}.Release|x64.ActiveCfg = Release|x64
		{EB712DE3-E0A1-4AEC-AA0F-AD54CEE01C68}.Release|x64.Build.0 = Release|x64
		{EB712DE3-E0A1-4AEC-AA0F-AD54CEE01C68}.Release|x86.ActiveCfg = Release|Any CPU
		{EB712DE3-E0A1-4AEC-AA0F-AD54CEE01C68}.x64 Solution Configuration|Any CPU.ActiveCfg = Release|Any CPU
		{EB712DE3-E0A1-4AEC-AA0F-AD54CEE01C68}.x64 Solution Configuration|Any CPU.Build.0 = Release|Any CPU
		{EB712DE3-E0A1-4AEC-AA0F-AD54CEE01C68}.x64 Solution Configuration|Mixed Platforms.ActiveCfg = Release|Any CPU
		{EB712DE3-E0A1-4AEC-AA0F-AD54CEE01C68}.x64 Solution Configuration|Mixed Platforms.Build.0 = Release|Any CPU
		{EB712DE3-E0A1-4AEC-AA0F-AD54CEE01C68}.x64 Solution Configuration|x64.ActiveCfg = Release|Any CPU
		{EB712DE3-E0A1-4AEC-AA0F-AD54CEE01C68}.x64 Solution Configuration|x86.ActiveCfg = Release|Any CPU
		{5625A098-2ED8-46F1-A60B-146FD7449DA3}.Debug|Any CPU.ActiveCfg = Debug|Any CPU
		{5625A098-2ED8-46F1-A60B-146FD7449DA3}.Debug|Any CPU.Build.0 = Debug|Any CPU
		{5625A098-2ED8-46F1-A60B-146FD7449DA3}.Debug|Mixed Platforms.ActiveCfg = Debug|Any CPU
		{5625A098-2ED8-46F1-A60B-146FD7449DA3}.Debug|Mixed Platforms.Build.0 = Debug|Any CPU
		{5625A098-2ED8-46F1-A60B-146FD7449DA3}.Debug|x64.ActiveCfg = Debug|Any CPU
		{5625A098-2ED8-46F1-A60B-146FD7449DA3}.Debug|x64.Build.0 = Debug|Any CPU
		{5625A098-2ED8-46F1-A60B-146FD7449DA3}.Debug|x86.ActiveCfg = Debug|Any CPU
		{5625A098-2ED8-46F1-A60B-146FD7449DA3}.Release|Any CPU.ActiveCfg = Release|Any CPU
		{5625A098-2ED8-46F1-A60B-146FD7449DA3}.Release|Any CPU.Build.0 = Release|Any CPU
		{5625A098-2ED8-46F1-A60B-146FD7449DA3}.Release|Mixed Platforms.ActiveCfg = Release|Any CPU
		{5625A098-2ED8-46F1-A60B-146FD7449DA3}.Release|Mixed Platforms.Build.0 = Release|Any CPU
		{5625A098-2ED8-46F1-A60B-146FD7449DA3}.Release|x64.ActiveCfg = Release|x64
		{5625A098-2ED8-46F1-A60B-146FD7449DA3}.Release|x64.Build.0 = Release|x64
		{5625A098-2ED8-46F1-A60B-146FD7449DA3}.Release|x86.ActiveCfg = Release|Any CPU
		{5625A098-2ED8-46F1-A60B-146FD7449DA3}.x64 Solution Configuration|Any CPU.ActiveCfg = Release|Any CPU
		{5625A098-2ED8-46F1-A60B-146FD7449DA3}.x64 Solution Configuration|Any CPU.Build.0 = Release|Any CPU
		{5625A098-2ED8-46F1-A60B-146FD7449DA3}.x64 Solution Configuration|Mixed Platforms.ActiveCfg = Release|Any CPU
		{5625A098-2ED8-46F1-A60B-146FD7449DA3}.x64 Solution Configuration|Mixed Platforms.Build.0 = Release|Any CPU
		{5625A098-2ED8-46F1-A60B-146FD7449DA3}.x64 Solution Configuration|x64.ActiveCfg = Release|Any CPU
		{5625A098-2ED8-46F1-A60B-146FD7449DA3}.x64 Solution Configuration|x86.ActiveCfg = Release|Any CPU
		{1C984C39-9FF9-4D80-B591-B82A76660103}.Debug|Any CPU.ActiveCfg = Debug|x86
		{1C984C39-9FF9-4D80-B591-B82A76660103}.Debug|Mixed Platforms.ActiveCfg = Debug|x86
		{1C984C39-9FF9-4D80-B591-B82A76660103}.Debug|Mixed Platforms.Build.0 = Debug|x86
		{1C984C39-9FF9-4D80-B591-B82A76660103}.Debug|x64.ActiveCfg = Debug|x64
		{1C984C39-9FF9-4D80-B591-B82A76660103}.Debug|x64.Build.0 = Debug|x64
		{1C984C39-9FF9-4D80-B591-B82A76660103}.Debug|x86.ActiveCfg = Debug|x86
		{1C984C39-9FF9-4D80-B591-B82A76660103}.Debug|x86.Build.0 = Debug|x86
		{1C984C39-9FF9-4D80-B591-B82A76660103}.Release|Any CPU.ActiveCfg = Release|x86
		{1C984C39-9FF9-4D80-B591-B82A76660103}.Release|Mixed Platforms.ActiveCfg = Release|x86
		{1C984C39-9FF9-4D80-B591-B82A76660103}.Release|Mixed Platforms.Build.0 = Release|x86
		{1C984C39-9FF9-4D80-B591-B82A76660103}.Release|x64.ActiveCfg = Release|x64
		{1C984C39-9FF9-4D80-B591-B82A76660103}.Release|x64.Build.0 = Release|x64
		{1C984C39-9FF9-4D80-B591-B82A76660103}.Release|x86.ActiveCfg = Release|x86
		{1C984C39-9FF9-4D80-B591-B82A76660103}.Release|x86.Build.0 = Release|x86
		{1C984C39-9FF9-4D80-B591-B82A76660103}.x64 Solution Configuration|Any CPU.ActiveCfg = x64 Solution Configuration|x86
		{1C984C39-9FF9-4D80-B591-B82A76660103}.x64 Solution Configuration|Mixed Platforms.ActiveCfg = x64 Solution Configuration|x86
		{1C984C39-9FF9-4D80-B591-B82A76660103}.x64 Solution Configuration|Mixed Platforms.Build.0 = x64 Solution Configuration|x86
		{1C984C39-9FF9-4D80-B591-B82A76660103}.x64 Solution Configuration|x64.ActiveCfg = x64 Solution Configuration|x64
		{1C984C39-9FF9-4D80-B591-B82A76660103}.x64 Solution Configuration|x64.Build.0 = x64 Solution Configuration|x64
		{1C984C39-9FF9-4D80-B591-B82A76660103}.x64 Solution Configuration|x86.ActiveCfg = x64 Solution Configuration|x86
		{1C984C39-9FF9-4D80-B591-B82A76660103}.x64 Solution Configuration|x86.Build.0 = x64 Solution Configuration|x86
		{1FFE4F4A-556B-4048-8AFE-DFDED6F2FF0B}.Debug|Any CPU.ActiveCfg = Debug|Any CPU
		{1FFE4F4A-556B-4048-8AFE-DFDED6F2FF0B}.Debug|Any CPU.Build.0 = Debug|Any CPU
		{1FFE4F4A-556B-4048-8AFE-DFDED6F2FF0B}.Debug|Mixed Platforms.ActiveCfg = Debug|Any CPU
		{1FFE4F4A-556B-4048-8AFE-DFDED6F2FF0B}.Debug|Mixed Platforms.Build.0 = Debug|Any CPU
		{1FFE4F4A-556B-4048-8AFE-DFDED6F2FF0B}.Debug|x64.ActiveCfg = Debug|Any CPU
		{1FFE4F4A-556B-4048-8AFE-DFDED6F2FF0B}.Debug|x64.Build.0 = Debug|Any CPU
		{1FFE4F4A-556B-4048-8AFE-DFDED6F2FF0B}.Debug|x86.ActiveCfg = Debug|Any CPU
		{1FFE4F4A-556B-4048-8AFE-DFDED6F2FF0B}.Release|Any CPU.ActiveCfg = Release|Any CPU
		{1FFE4F4A-556B-4048-8AFE-DFDED6F2FF0B}.Release|Any CPU.Build.0 = Release|Any CPU
		{1FFE4F4A-556B-4048-8AFE-DFDED6F2FF0B}.Release|Mixed Platforms.ActiveCfg = Release|Any CPU
		{1FFE4F4A-556B-4048-8AFE-DFDED6F2FF0B}.Release|Mixed Platforms.Build.0 = Release|Any CPU
		{1FFE4F4A-556B-4048-8AFE-DFDED6F2FF0B}.Release|x64.ActiveCfg = Release|x64
		{1FFE4F4A-556B-4048-8AFE-DFDED6F2FF0B}.Release|x64.Build.0 = Release|x64
		{1FFE4F4A-556B-4048-8AFE-DFDED6F2FF0B}.Release|x86.ActiveCfg = Release|Any CPU
		{1FFE4F4A-556B-4048-8AFE-DFDED6F2FF0B}.x64 Solution Configuration|Any CPU.ActiveCfg = Release|Any CPU
		{1FFE4F4A-556B-4048-8AFE-DFDED6F2FF0B}.x64 Solution Configuration|Any CPU.Build.0 = Release|Any CPU
		{1FFE4F4A-556B-4048-8AFE-DFDED6F2FF0B}.x64 Solution Configuration|Mixed Platforms.ActiveCfg = Release|Any CPU
		{1FFE4F4A-556B-4048-8AFE-DFDED6F2FF0B}.x64 Solution Configuration|Mixed Platforms.Build.0 = Release|Any CPU
		{1FFE4F4A-556B-4048-8AFE-DFDED6F2FF0B}.x64 Solution Configuration|x64.ActiveCfg = Release|Any CPU
		{1FFE4F4A-556B-4048-8AFE-DFDED6F2FF0B}.x64 Solution Configuration|x86.ActiveCfg = Release|Any CPU
		{AFCF8CC6-CF54-437E-888C-A027D5FF913E}.Debug|Any CPU.ActiveCfg = Debug|Any CPU
		{AFCF8CC6-CF54-437E-888C-A027D5FF913E}.Debug|Any CPU.Build.0 = Debug|Any CPU
		{AFCF8CC6-CF54-437E-888C-A027D5FF913E}.Debug|Mixed Platforms.ActiveCfg = Debug|Any CPU
		{AFCF8CC6-CF54-437E-888C-A027D5FF913E}.Debug|Mixed Platforms.Build.0 = Debug|Any CPU
		{AFCF8CC6-CF54-437E-888C-A027D5FF913E}.Debug|x64.ActiveCfg = Debug|Any CPU
		{AFCF8CC6-CF54-437E-888C-A027D5FF913E}.Debug|x64.Build.0 = Debug|Any CPU
		{AFCF8CC6-CF54-437E-888C-A027D5FF913E}.Debug|x86.ActiveCfg = Debug|Any CPU
		{AFCF8CC6-CF54-437E-888C-A027D5FF913E}.Release|Any CPU.ActiveCfg = Release|Any CPU
		{AFCF8CC6-CF54-437E-888C-A027D5FF913E}.Release|Any CPU.Build.0 = Release|Any CPU
		{AFCF8CC6-CF54-437E-888C-A027D5FF913E}.Release|Mixed Platforms.ActiveCfg = Release|Any CPU
		{AFCF8CC6-CF54-437E-888C-A027D5FF913E}.Release|Mixed Platforms.Build.0 = Release|Any CPU
		{AFCF8CC6-CF54-437E-888C-A027D5FF913E}.Release|x64.ActiveCfg = Release|x64
		{AFCF8CC6-CF54-437E-888C-A027D5FF913E}.Release|x64.Build.0 = Release|x64
		{AFCF8CC6-CF54-437E-888C-A027D5FF913E}.Release|x86.ActiveCfg = Release|Any CPU
		{AFCF8CC6-CF54-437E-888C-A027D5FF913E}.x64 Solution Configuration|Any CPU.ActiveCfg = Release|Any CPU
		{AFCF8CC6-CF54-437E-888C-A027D5FF913E}.x64 Solution Configuration|Any CPU.Build.0 = Release|Any CPU
		{AFCF8CC6-CF54-437E-888C-A027D5FF913E}.x64 Solution Configuration|Mixed Platforms.ActiveCfg = Release|Any CPU
		{AFCF8CC6-CF54-437E-888C-A027D5FF913E}.x64 Solution Configuration|Mixed Platforms.Build.0 = Release|Any CPU
		{AFCF8CC6-CF54-437E-888C-A027D5FF913E}.x64 Solution Configuration|x64.ActiveCfg = Release|Any CPU
		{AFCF8CC6-CF54-437E-888C-A027D5FF913E}.x64 Solution Configuration|x86.ActiveCfg = Release|Any CPU
		{D0DC1EF7-698D-4E54-83D9-BBEA6C2D05D2}.Debug|Any CPU.ActiveCfg = Debug|Any CPU
		{D0DC1EF7-698D-4E54-83D9-BBEA6C2D05D2}.Debug|Any CPU.Build.0 = Debug|Any CPU
		{D0DC1EF7-698D-4E54-83D9-BBEA6C2D05D2}.Debug|Mixed Platforms.ActiveCfg = Debug|Any CPU
		{D0DC1EF7-698D-4E54-83D9-BBEA6C2D05D2}.Debug|Mixed Platforms.Build.0 = Debug|Any CPU
		{D0DC1EF7-698D-4E54-83D9-BBEA6C2D05D2}.Debug|x64.ActiveCfg = Debug|Any CPU
		{D0DC1EF7-698D-4E54-83D9-BBEA6C2D05D2}.Debug|x64.Build.0 = Debug|Any CPU
		{D0DC1EF7-698D-4E54-83D9-BBEA6C2D05D2}.Debug|x86.ActiveCfg = Debug|Any CPU
		{D0DC1EF7-698D-4E54-83D9-BBEA6C2D05D2}.Release|Any CPU.ActiveCfg = Release|Any CPU
		{D0DC1EF7-698D-4E54-83D9-BBEA6C2D05D2}.Release|Any CPU.Build.0 = Release|Any CPU
		{D0DC1EF7-698D-4E54-83D9-BBEA6C2D05D2}.Release|Mixed Platforms.ActiveCfg = Release|Any CPU
		{D0DC1EF7-698D-4E54-83D9-BBEA6C2D05D2}.Release|Mixed Platforms.Build.0 = Release|Any CPU
		{D0DC1EF7-698D-4E54-83D9-BBEA6C2D05D2}.Release|x64.ActiveCfg = Release|x64
		{D0DC1EF7-698D-4E54-83D9-BBEA6C2D05D2}.Release|x64.Build.0 = Release|x64
		{D0DC1EF7-698D-4E54-83D9-BBEA6C2D05D2}.Release|x86.ActiveCfg = Release|Any CPU
		{D0DC1EF7-698D-4E54-83D9-BBEA6C2D05D2}.x64 Solution Configuration|Any CPU.ActiveCfg = Release|Any CPU
		{D0DC1EF7-698D-4E54-83D9-BBEA6C2D05D2}.x64 Solution Configuration|Any CPU.Build.0 = Release|Any CPU
		{D0DC1EF7-698D-4E54-83D9-BBEA6C2D05D2}.x64 Solution Configuration|Mixed Platforms.ActiveCfg = Release|Any CPU
		{D0DC1EF7-698D-4E54-83D9-BBEA6C2D05D2}.x64 Solution Configuration|Mixed Platforms.Build.0 = Release|Any CPU
		{D0DC1EF7-698D-4E54-83D9-BBEA6C2D05D2}.x64 Solution Configuration|x64.ActiveCfg = Release|Any CPU
		{D0DC1EF7-698D-4E54-83D9-BBEA6C2D05D2}.x64 Solution Configuration|x86.ActiveCfg = Release|Any CPU
		{6BF3686C-93EF-4336-AFF8-E0A4A742AD3B}.Debug|Any CPU.ActiveCfg = Debug|Any CPU
		{6BF3686C-93EF-4336-AFF8-E0A4A742AD3B}.Debug|Any CPU.Build.0 = Debug|Any CPU
		{6BF3686C-93EF-4336-AFF8-E0A4A742AD3B}.Debug|Mixed Platforms.ActiveCfg = Debug|Any CPU
		{6BF3686C-93EF-4336-AFF8-E0A4A742AD3B}.Debug|Mixed Platforms.Build.0 = Debug|Any CPU
		{6BF3686C-93EF-4336-AFF8-E0A4A742AD3B}.Debug|x64.ActiveCfg = Debug|x64
		{6BF3686C-93EF-4336-AFF8-E0A4A742AD3B}.Debug|x64.Build.0 = Debug|x64
		{6BF3686C-93EF-4336-AFF8-E0A4A742AD3B}.Debug|x86.ActiveCfg = Debug|Any CPU
		{6BF3686C-93EF-4336-AFF8-E0A4A742AD3B}.Release|Any CPU.ActiveCfg = Release|Any CPU
		{6BF3686C-93EF-4336-AFF8-E0A4A742AD3B}.Release|Any CPU.Build.0 = Release|Any CPU
		{6BF3686C-93EF-4336-AFF8-E0A4A742AD3B}.Release|Mixed Platforms.ActiveCfg = Release|Any CPU
		{6BF3686C-93EF-4336-AFF8-E0A4A742AD3B}.Release|Mixed Platforms.Build.0 = Release|Any CPU
		{6BF3686C-93EF-4336-AFF8-E0A4A742AD3B}.Release|x64.ActiveCfg = Release|x64
		{6BF3686C-93EF-4336-AFF8-E0A4A742AD3B}.Release|x64.Build.0 = Release|x64
		{6BF3686C-93EF-4336-AFF8-E0A4A742AD3B}.Release|x86.ActiveCfg = Release|Any CPU
		{6BF3686C-93EF-4336-AFF8-E0A4A742AD3B}.x64 Solution Configuration|Any CPU.ActiveCfg = Release|Any CPU
		{6BF3686C-93EF-4336-AFF8-E0A4A742AD3B}.x64 Solution Configuration|Any CPU.Build.0 = Release|Any CPU
		{6BF3686C-93EF-4336-AFF8-E0A4A742AD3B}.x64 Solution Configuration|Mixed Platforms.ActiveCfg = Release|Any CPU
		{6BF3686C-93EF-4336-AFF8-E0A4A742AD3B}.x64 Solution Configuration|Mixed Platforms.Build.0 = Release|Any CPU
		{6BF3686C-93EF-4336-AFF8-E0A4A742AD3B}.x64 Solution Configuration|x64.ActiveCfg = Release|x64
		{6BF3686C-93EF-4336-AFF8-E0A4A742AD3B}.x64 Solution Configuration|x64.Build.0 = Release|x64
		{6BF3686C-93EF-4336-AFF8-E0A4A742AD3B}.x64 Solution Configuration|x86.ActiveCfg = Release|Any CPU
		{CDDC5B73-24FA-46C7-B848-FE3554C6C65B}.Debug|Any CPU.ActiveCfg = Debug|Any CPU
		{CDDC5B73-24FA-46C7-B848-FE3554C6C65B}.Debug|Any CPU.Build.0 = Debug|Any CPU
		{CDDC5B73-24FA-46C7-B848-FE3554C6C65B}.Debug|Mixed Platforms.ActiveCfg = Debug|Any CPU
		{CDDC5B73-24FA-46C7-B848-FE3554C6C65B}.Debug|Mixed Platforms.Build.0 = Debug|Any CPU
		{CDDC5B73-24FA-46C7-B848-FE3554C6C65B}.Debug|x64.ActiveCfg = Debug|x64
		{CDDC5B73-24FA-46C7-B848-FE3554C6C65B}.Debug|x64.Build.0 = Debug|x64
		{CDDC5B73-24FA-46C7-B848-FE3554C6C65B}.Debug|x86.ActiveCfg = Debug|Any CPU
		{CDDC5B73-24FA-46C7-B848-FE3554C6C65B}.Release|Any CPU.ActiveCfg = Release|Any CPU
		{CDDC5B73-24FA-46C7-B848-FE3554C6C65B}.Release|Any CPU.Build.0 = Release|Any CPU
		{CDDC5B73-24FA-46C7-B848-FE3554C6C65B}.Release|Mixed Platforms.ActiveCfg = Release|Any CPU
		{CDDC5B73-24FA-46C7-B848-FE3554C6C65B}.Release|Mixed Platforms.Build.0 = Release|Any CPU
		{CDDC5B73-24FA-46C7-B848-FE3554C6C65B}.Release|x64.ActiveCfg = Release|x64
		{CDDC5B73-24FA-46C7-B848-FE3554C6C65B}.Release|x64.Build.0 = Release|x64
		{CDDC5B73-24FA-46C7-B848-FE3554C6C65B}.Release|x86.ActiveCfg = Release|Any CPU
		{CDDC5B73-24FA-46C7-B848-FE3554C6C65B}.x64 Solution Configuration|Any CPU.ActiveCfg = x64 Solution Configuration|Any CPU
		{CDDC5B73-24FA-46C7-B848-FE3554C6C65B}.x64 Solution Configuration|Any CPU.Build.0 = x64 Solution Configuration|Any CPU
		{CDDC5B73-24FA-46C7-B848-FE3554C6C65B}.x64 Solution Configuration|Mixed Platforms.ActiveCfg = x64 Solution Configuration|Any CPU
		{CDDC5B73-24FA-46C7-B848-FE3554C6C65B}.x64 Solution Configuration|Mixed Platforms.Build.0 = x64 Solution Configuration|Any CPU
		{CDDC5B73-24FA-46C7-B848-FE3554C6C65B}.x64 Solution Configuration|x64.ActiveCfg = x64 Solution Configuration|x64
		{CDDC5B73-24FA-46C7-B848-FE3554C6C65B}.x64 Solution Configuration|x64.Build.0 = x64 Solution Configuration|x64
		{CDDC5B73-24FA-46C7-B848-FE3554C6C65B}.x64 Solution Configuration|x86.ActiveCfg = x64 Solution Configuration|Any CPU
		{211C1346-B8F8-4CE6-A610-CA4B479DD4BE}.Debug|Any CPU.ActiveCfg = Debug|Any CPU
		{211C1346-B8F8-4CE6-A610-CA4B479DD4BE}.Debug|Any CPU.Build.0 = Debug|Any CPU
		{211C1346-B8F8-4CE6-A610-CA4B479DD4BE}.Debug|Mixed Platforms.ActiveCfg = Debug|Any CPU
		{211C1346-B8F8-4CE6-A610-CA4B479DD4BE}.Debug|Mixed Platforms.Build.0 = Debug|Any CPU
		{211C1346-B8F8-4CE6-A610-CA4B479DD4BE}.Debug|x64.ActiveCfg = Debug|x64
		{211C1346-B8F8-4CE6-A610-CA4B479DD4BE}.Debug|x64.Build.0 = Debug|x64
		{211C1346-B8F8-4CE6-A610-CA4B479DD4BE}.Debug|x86.ActiveCfg = Debug|Any CPU
		{211C1346-B8F8-4CE6-A610-CA4B479DD4BE}.Release|Any CPU.ActiveCfg = Release|Any CPU
		{211C1346-B8F8-4CE6-A610-CA4B479DD4BE}.Release|Any CPU.Build.0 = Release|Any CPU
		{211C1346-B8F8-4CE6-A610-CA4B479DD4BE}.Release|Mixed Platforms.ActiveCfg = Release|Any CPU
		{211C1346-B8F8-4CE6-A610-CA4B479DD4BE}.Release|Mixed Platforms.Build.0 = Release|Any CPU
		{211C1346-B8F8-4CE6-A610-CA4B479DD4BE}.Release|x64.ActiveCfg = Release|x64
		{211C1346-B8F8-4CE6-A610-CA4B479DD4BE}.Release|x64.Build.0 = Release|x64
		{211C1346-B8F8-4CE6-A610-CA4B479DD4BE}.Release|x86.ActiveCfg = Release|Any CPU
		{211C1346-B8F8-4CE6-A610-CA4B479DD4BE}.x64 Solution Configuration|Any CPU.ActiveCfg = x64 Solution Configuration|Any CPU
		{211C1346-B8F8-4CE6-A610-CA4B479DD4BE}.x64 Solution Configuration|Any CPU.Build.0 = x64 Solution Configuration|Any CPU
		{211C1346-B8F8-4CE6-A610-CA4B479DD4BE}.x64 Solution Configuration|Mixed Platforms.ActiveCfg = x64 Solution Configuration|Any CPU
		{211C1346-B8F8-4CE6-A610-CA4B479DD4BE}.x64 Solution Configuration|Mixed Platforms.Build.0 = x64 Solution Configuration|Any CPU
		{211C1346-B8F8-4CE6-A610-CA4B479DD4BE}.x64 Solution Configuration|x64.ActiveCfg = x64 Solution Configuration|x64
		{211C1346-B8F8-4CE6-A610-CA4B479DD4BE}.x64 Solution Configuration|x64.Build.0 = x64 Solution Configuration|x64
		{211C1346-B8F8-4CE6-A610-CA4B479DD4BE}.x64 Solution Configuration|x86.ActiveCfg = x64 Solution Configuration|Any CPU
		{B76BC58F-F8EB-4953-9AD9-00EAE7F1C23D}.Debug|Any CPU.ActiveCfg = Debug|x86
		{B76BC58F-F8EB-4953-9AD9-00EAE7F1C23D}.Debug|Mixed Platforms.ActiveCfg = Debug|x86
		{B76BC58F-F8EB-4953-9AD9-00EAE7F1C23D}.Debug|Mixed Platforms.Build.0 = Debug|x86
		{B76BC58F-F8EB-4953-9AD9-00EAE7F1C23D}.Debug|x64.ActiveCfg = Debug|x64
		{B76BC58F-F8EB-4953-9AD9-00EAE7F1C23D}.Debug|x64.Build.0 = Debug|x64
		{B76BC58F-F8EB-4953-9AD9-00EAE7F1C23D}.Debug|x86.ActiveCfg = Debug|x86
		{B76BC58F-F8EB-4953-9AD9-00EAE7F1C23D}.Debug|x86.Build.0 = Debug|x86
		{B76BC58F-F8EB-4953-9AD9-00EAE7F1C23D}.Release|Any CPU.ActiveCfg = Release|x86
		{B76BC58F-F8EB-4953-9AD9-00EAE7F1C23D}.Release|Mixed Platforms.ActiveCfg = Release|x86
		{B76BC58F-F8EB-4953-9AD9-00EAE7F1C23D}.Release|Mixed Platforms.Build.0 = Release|x86
		{B76BC58F-F8EB-4953-9AD9-00EAE7F1C23D}.Release|x64.ActiveCfg = Release|x64
		{B76BC58F-F8EB-4953-9AD9-00EAE7F1C23D}.Release|x64.Build.0 = Release|x64
		{B76BC58F-F8EB-4953-9AD9-00EAE7F1C23D}.Release|x86.ActiveCfg = Release|x86
		{B76BC58F-F8EB-4953-9AD9-00EAE7F1C23D}.Release|x86.Build.0 = Release|x86
		{B76BC58F-F8EB-4953-9AD9-00EAE7F1C23D}.x64 Solution Configuration|Any CPU.ActiveCfg = Release|x86
		{B76BC58F-F8EB-4953-9AD9-00EAE7F1C23D}.x64 Solution Configuration|Mixed Platforms.ActiveCfg = Release|x86
		{B76BC58F-F8EB-4953-9AD9-00EAE7F1C23D}.x64 Solution Configuration|Mixed Platforms.Build.0 = Release|x86
		{B76BC58F-F8EB-4953-9AD9-00EAE7F1C23D}.x64 Solution Configuration|x64.ActiveCfg = Release|x64
		{B76BC58F-F8EB-4953-9AD9-00EAE7F1C23D}.x64 Solution Configuration|x64.Build.0 = Release|x64
		{B76BC58F-F8EB-4953-9AD9-00EAE7F1C23D}.x64 Solution Configuration|x86.ActiveCfg = Release|x86
		{B76BC58F-F8EB-4953-9AD9-00EAE7F1C23D}.x64 Solution Configuration|x86.Build.0 = Release|x86
		{15CAC549-EAC7-461C-859E-9D4AF121B9D7}.Debug|Any CPU.ActiveCfg = Debug|x86
		{15CAC549-EAC7-461C-859E-9D4AF121B9D7}.Debug|Mixed Platforms.ActiveCfg = Debug|x86
		{15CAC549-EAC7-461C-859E-9D4AF121B9D7}.Debug|Mixed Platforms.Build.0 = Debug|x86
		{15CAC549-EAC7-461C-859E-9D4AF121B9D7}.Debug|x64.ActiveCfg = Debug|x64
		{15CAC549-EAC7-461C-859E-9D4AF121B9D7}.Debug|x64.Build.0 = Debug|x64
		{15CAC549-EAC7-461C-859E-9D4AF121B9D7}.Debug|x86.ActiveCfg = Debug|x86
		{15CAC549-EAC7-461C-859E-9D4AF121B9D7}.Debug|x86.Build.0 = Debug|x86
		{15CAC549-EAC7-461C-859E-9D4AF121B9D7}.Release|Any CPU.ActiveCfg = Release|x86
		{15CAC549-EAC7-461C-859E-9D4AF121B9D7}.Release|Mixed Platforms.ActiveCfg = Release|x86
		{15CAC549-EAC7-461C-859E-9D4AF121B9D7}.Release|Mixed Platforms.Build.0 = Release|x86
		{15CAC549-EAC7-461C-859E-9D4AF121B9D7}.Release|x64.ActiveCfg = Release|x64
		{15CAC549-EAC7-461C-859E-9D4AF121B9D7}.Release|x64.Build.0 = Release|x64
		{15CAC549-EAC7-461C-859E-9D4AF121B9D7}.Release|x86.ActiveCfg = Release|x86
		{15CAC549-EAC7-461C-859E-9D4AF121B9D7}.Release|x86.Build.0 = Release|x86
		{15CAC549-EAC7-461C-859E-9D4AF121B9D7}.x64 Solution Configuration|Any CPU.ActiveCfg = Release|x86
		{15CAC549-EAC7-461C-859E-9D4AF121B9D7}.x64 Solution Configuration|Mixed Platforms.ActiveCfg = Release|x86
		{15CAC549-EAC7-461C-859E-9D4AF121B9D7}.x64 Solution Configuration|Mixed Platforms.Build.0 = Release|x86
		{15CAC549-EAC7-461C-859E-9D4AF121B9D7}.x64 Solution Configuration|x64.ActiveCfg = Release|x64
		{15CAC549-EAC7-461C-859E-9D4AF121B9D7}.x64 Solution Configuration|x64.Build.0 = Release|x64
		{15CAC549-EAC7-461C-859E-9D4AF121B9D7}.x64 Solution Configuration|x86.ActiveCfg = Release|x86
		{15CAC549-EAC7-461C-859E-9D4AF121B9D7}.x64 Solution Configuration|x86.Build.0 = Release|x86
		{BE3D4020-39EF-4CE6-ACF3-11D358F0DCB7}.Debug|Any CPU.ActiveCfg = Debug|x86
		{BE3D4020-39EF-4CE6-ACF3-11D358F0DCB7}.Debug|Mixed Platforms.ActiveCfg = Debug|x86
		{BE3D4020-39EF-4CE6-ACF3-11D358F0DCB7}.Debug|Mixed Platforms.Build.0 = Debug|x86
		{BE3D4020-39EF-4CE6-ACF3-11D358F0DCB7}.Debug|x64.ActiveCfg = Debug|x64
		{BE3D4020-39EF-4CE6-ACF3-11D358F0DCB7}.Debug|x64.Build.0 = Debug|x64
		{BE3D4020-39EF-4CE6-ACF3-11D358F0DCB7}.Debug|x86.ActiveCfg = Debug|x86
		{BE3D4020-39EF-4CE6-ACF3-11D358F0DCB7}.Debug|x86.Build.0 = Debug|x86
		{BE3D4020-39EF-4CE6-ACF3-11D358F0DCB7}.Release|Any CPU.ActiveCfg = Release|x86
		{BE3D4020-39EF-4CE6-ACF3-11D358F0DCB7}.Release|Mixed Platforms.ActiveCfg = Release|x86
		{BE3D4020-39EF-4CE6-ACF3-11D358F0DCB7}.Release|Mixed Platforms.Build.0 = Release|x86
		{BE3D4020-39EF-4CE6-ACF3-11D358F0DCB7}.Release|x64.ActiveCfg = Release|x64
		{BE3D4020-39EF-4CE6-ACF3-11D358F0DCB7}.Release|x64.Build.0 = Release|x64
		{BE3D4020-39EF-4CE6-ACF3-11D358F0DCB7}.Release|x86.ActiveCfg = Release|x86
		{BE3D4020-39EF-4CE6-ACF3-11D358F0DCB7}.Release|x86.Build.0 = Release|x86
		{BE3D4020-39EF-4CE6-ACF3-11D358F0DCB7}.x64 Solution Configuration|Any CPU.ActiveCfg = Release|x86
		{BE3D4020-39EF-4CE6-ACF3-11D358F0DCB7}.x64 Solution Configuration|Mixed Platforms.ActiveCfg = Release|x86
		{BE3D4020-39EF-4CE6-ACF3-11D358F0DCB7}.x64 Solution Configuration|Mixed Platforms.Build.0 = Release|x86
		{BE3D4020-39EF-4CE6-ACF3-11D358F0DCB7}.x64 Solution Configuration|x64.ActiveCfg = Release|x64
		{BE3D4020-39EF-4CE6-ACF3-11D358F0DCB7}.x64 Solution Configuration|x64.Build.0 = Release|x64
		{BE3D4020-39EF-4CE6-ACF3-11D358F0DCB7}.x64 Solution Configuration|x86.ActiveCfg = Release|x86
		{BE3D4020-39EF-4CE6-ACF3-11D358F0DCB7}.x64 Solution Configuration|x86.Build.0 = Release|x86
	EndGlobalSection
	GlobalSection(SolutionProperties) = preSolution
		HideSolutionNode = FALSE
	EndGlobalSection
	GlobalSection(NestedProjects) = preSolution
		{E41E1C0D-6032-4CBC-B3A5-DD262445609F} = {29F8844D-3B39-4CC7-8502-19310854A064}
		{EB712DE3-E0A1-4AEC-AA0F-AD54CEE01C68} = {29F8844D-3B39-4CC7-8502-19310854A064}
		{5625A098-2ED8-46F1-A60B-146FD7449DA3} = {29F8844D-3B39-4CC7-8502-19310854A064}
		{1C984C39-9FF9-4D80-B591-B82A76660103} = {29F8844D-3B39-4CC7-8502-19310854A064}
		{1FFE4F4A-556B-4048-8AFE-DFDED6F2FF0B} = {841F6DD6-12BC-46B6-8952-2D159538BE62}
		{AFCF8CC6-CF54-437E-888C-A027D5FF913E} = {841F6DD6-12BC-46B6-8952-2D159538BE62}
		{D0DC1EF7-698D-4E54-83D9-BBEA6C2D05D2} = {841F6DD6-12BC-46B6-8952-2D159538BE62}
		{6BF3686C-93EF-4336-AFF8-E0A4A742AD3B} = {841F6DD6-12BC-46B6-8952-2D159538BE62}
		{CDDC5B73-24FA-46C7-B848-FE3554C6C65B} = {841F6DD6-12BC-46B6-8952-2D159538BE62}
		{211C1346-B8F8-4CE6-A610-CA4B479DD4BE} = {841F6DD6-12BC-46B6-8952-2D159538BE62}
		{B76BC58F-F8EB-4953-9AD9-00EAE7F1C23D} = {6CD59175-6606-4E1A-B171-CF631615BF0F}
		{15CAC549-EAC7-461C-859E-9D4AF121B9D7} = {6CD59175-6606-4E1A-B171-CF631615BF0F}
		{BE3D4020-39EF-4CE6-ACF3-11D358F0DCB7} = {69D5B1B9-1EF1-47EC-8FAF-88D5D2CF0A2C}
	EndGlobalSection
EndGlobal
