
Microsoft Visual Studio Solution File, Format Version 12.00
# Visual Studio 2012
Project("{2150E333-8FDC-42A3-9474-1A3956D46DE8}") = "Framework", "Framework", "{29F8844D-3B39-4CC7-8502-19310854A064}"
EndProject
Project("{FAE04EC0-301F-11D3-BF4B-00C04F79EFBC}") = "org.ohdsi.cdm.framework.data", "Framework\org.ohdsi.cdm.framework.data\org.ohdsi.cdm.framework.data.csproj", "{E41E1C0D-6032-4CBC-B3A5-DD262445609F}"
EndProject
Project("{FAE04EC0-301F-11D3-BF4B-00C04F79EFBC}") = "org.ohdsi.cdm.framework.shared", "Framework\org.ohdsi.cdm.framework.shared\org.ohdsi.cdm.framework.shared.csproj", "{EB712DE3-E0A1-4AEC-AA0F-AD54CEE01C68}"
EndProject
Project("{FAE04EC0-301F-11D3-BF4B-00C04F79EFBC}") = "org.ohdsi.cdm.framework.entities", "Framework\org.ohdsi.cdm.framework.entities\org.ohdsi.cdm.framework.entities.csproj", "{5625A098-2ED8-46F1-A60B-146FD7449DA3}"
EndProject
Project("{FAE04EC0-301F-11D3-BF4B-00C04F79EFBC}") = "org.ohdsi.cdm.framework.core", "Framework\org.ohdsi.cdm.framework.core\org.ohdsi.cdm.framework.core.csproj", "{1C984C39-9FF9-4D80-B591-B82A76660103}"
EndProject
Project("{2150E333-8FDC-42A3-9474-1A3956D46DE8}") = "Builders", "Builders", "{841F6DD6-12BC-46B6-8952-2D159538BE62}"
EndProject
Project("{2150E333-8FDC-42A3-9474-1A3956D46DE8}") = "Presentation", "Presentation", "{6CD59175-6606-4E1A-B171-CF631615BF0F}"
EndProject
Project("{FAE04EC0-301F-11D3-BF4B-00C04F79EFBC}") = "org.ohdsi.cdm.presentation.builderprocess", "Presentation\org.ohdsi.cdm.presentation.builderprocess\org.ohdsi.cdm.presentation.builderprocess.csproj", "{B76BC58F-F8EB-4953-9AD9-00EAE7F1C23D}"
EndProject
Project("{FAE04EC0-301F-11D3-BF4B-00C04F79EFBC}") = "org.ohdsi.cdm.presentation.buildingmanager", "Presentation\org.ohdsi.cdm.presentation.buildingmanager\org.ohdsi.cdm.presentation.buildingmanager.csproj", "{15CAC549-EAC7-461C-859E-9D4AF121B9D7}"
EndProject
Project("{2150E333-8FDC-42A3-9474-1A3956D46DE8}") = "Tests", "Tests", "{69D5B1B9-1EF1-47EC-8FAF-88D5D2CF0A2C}"
EndProject
Project("{FAE04EC0-301F-11D3-BF4B-00C04F79EFBC}") = "org.ohdsi.cdm.tests", "Tests\org.ohdsi.cdm.tests\org.ohdsi.cdm.tests.csproj", "{BE3D4020-39EF-4CE6-ACF3-11D358F0DCB7}"
EndProject
Project("{2150E333-8FDC-42A3-9474-1A3956D46DE8}") = "Solution Items", "Solution Items", "{41B22A22-F753-4E83-B50C-11AAED7C3186}"
	ProjectSection(SolutionItems) = preProject
		BuilderDb Tables Creation.sql = BuilderDb Tables Creation.sql
	EndProjectSection
EndProject
Project("{FAE04EC0-301F-11D3-BF4B-00C04F79EFBC}") = "org.ohdsi.cdm.builders.truven_v5", "Builders\org.ohdsi.cdm.builders.truven_v5\org.ohdsi.cdm.builders.truven_v5.csproj", "{38AD2165-9BDE-4A53-AD11-AFA221F784BD}"
EndProject
Project("{FAE04EC0-301F-11D3-BF4B-00C04F79EFBC}") = "org.ohdsi.cdm.builders.cprd_v5", "Builders\org.ohdsi.cdm.builders.cprd_v5\org.ohdsi.cdm.builders.cprd_v5.csproj", "{42ED060A-4253-49C2-90DE-695AAE0BD8F5}"
EndProject
Project("{FAE04EC0-301F-11D3-BF4B-00C04F79EFBC}") = "org.ohdsi.cdm.builders.seer", "Builders\org.ohdsi.cdm.builders.seer\org.ohdsi.cdm.builders.seer.csproj", "{FEBF609B-C70B-4FB2-B0CD-B48601DB2964}"
EndProject
Project("{FAE04EC0-301F-11D3-BF4B-00C04F79EFBC}") = "org.ohdsi.cdm.builders.jmdc_v5", "Builders\org.ohdsi.cdm.builders.jmdc_v5\org.ohdsi.cdm.builders.jmdc_v5.csproj", "{85D73E52-1D44-4C08-9255-72577A2994F1}"
EndProject
Project("{FAE04EC0-301F-11D3-BF4B-00C04F79EFBC}") = "org.ohdsi.cdm.builders.eras_v5", "Builders\org.ohdsi.cdm.builders.eras_v5\org.ohdsi.cdm.builders.eras_v5.csproj", "{B0AD9613-B1CB-4AF6-B825-444E26A9F466}"
EndProject
Project("{FAE04EC0-301F-11D3-BF4B-00C04F79EFBC}") = "org.ohdsi.cdm.builders.optumextendedses", "Builders\org.ohdsi.cdm.builders.optumextendedses\org.ohdsi.cdm.builders.optumextendedses.csproj", "{779E5E00-9218-4F0B-AC3D-5B70A6EBD886}"
EndProject
Project("{FAE04EC0-301F-11D3-BF4B-00C04F79EFBC}") = "org.ohdsi.cdm.builders.premier_v5", "Builders\org.ohdsi.cdm.builders.premier_v5\org.ohdsi.cdm.builders.premier_v5.csproj", "{903BDA72-E40C-4A3F-8EBB-B990C7164C81}"
EndProject
Project("{2150E333-8FDC-42A3-9474-1A3956D46DE8}") = ".nuget", ".nuget", "{FA2A0638-E389-435D-8355-65F3DD471EDA}"
	ProjectSection(SolutionItems) = preProject
		.nuget\NuGet.Config = .nuget\NuGet.Config
		.nuget\NuGet.exe = .nuget\NuGet.exe
		.nuget\NuGet.targets = .nuget\NuGet.targets
	EndProjectSection
EndProject
Project("{FAE04EC0-301F-11D3-BF4B-00C04F79EFBC}") = "org.ohdsi.cdm.builders.optumoncology", "Builders\org.ohdsi.cdm.builders.optumoncology\org.ohdsi.cdm.builders.optumoncology.csproj", "{5F2CBF9B-1648-4C0E-B065-BF709F82B396}"
EndProject
Project("{FAE04EC0-301F-11D3-BF4B-00C04F79EFBC}") = "org.ohdsi.cdm.presentation.buildercmd", "Presentation\org.ohdsi.cdm.presentation.buildercmd\org.ohdsi.cdm.presentation.buildercmd.csproj", "{0FE4D548-FBE4-45E3-A721-A410FF1CAA0C}"
EndProject
Project("{FAE04EC0-301F-11D3-BF4B-00C04F79EFBC}") = "org.ohdsi.cdm.builders.optumintegrated", "Builders\org.ohdsi.cdm.builders.optumintegrated\org.ohdsi.cdm.builders.optumintegrated.csproj", "{D51949FB-C3F0-4246-99DA-7854512ACAA4}"
EndProject
Project("{FAE04EC0-301F-11D3-BF4B-00C04F79EFBC}") = "org.ohdsi.cdm.builders.hcup", "Builders\org.ohdsi.cdm.builders.hcup\org.ohdsi.cdm.builders.hcup.csproj", "{C87B5377-6F89-4AEB-AC22-2B5D86F53F69}"
EndProject
Project("{FAE04EC0-301F-11D3-BF4B-00C04F79EFBC}") = "org.ohdsi.cdm.presentation.postprocess", "Presentation\org.ohdsi.cdm.presentation.postprocess\org.ohdsi.cdm.presentation.postprocess.csproj", "{4D20C478-948F-40D3-8DDD-EC4A2A6E13D2}"
EndProject
Project("{FAE04EC0-301F-11D3-BF4B-00C04F79EFBC}") = "org.ohdsi.cdm.builders.cerner", "Builders\org.ohdsi.cdm.builders.cerner\org.ohdsi.cdm.builders.cerner.csproj", "{C969A4E9-72B3-4631-8D3A-05055704581A}"
EndProject
Global
	GlobalSection(SolutionConfigurationPlatforms) = preSolution
		Debug|Any CPU = Debug|Any CPU
		Debug|Mixed Platforms = Debug|Mixed Platforms
		Debug|x64 = Debug|x64
		Debug|x86 = Debug|x86
		Release|Any CPU = Release|Any CPU
		Release|Mixed Platforms = Release|Mixed Platforms
		Release|x64 = Release|x64
		Release|x86 = Release|x86
		x64 Solution Configuration|Any CPU = x64 Solution Configuration|Any CPU
		x64 Solution Configuration|Mixed Platforms = x64 Solution Configuration|Mixed Platforms
		x64 Solution Configuration|x64 = x64 Solution Configuration|x64
		x64 Solution Configuration|x86 = x64 Solution Configuration|x86
	EndGlobalSection
	GlobalSection(ProjectConfigurationPlatforms) = postSolution
		{E41E1C0D-6032-4CBC-B3A5-DD262445609F}.Debug|Any CPU.ActiveCfg = Debug|Any CPU
		{E41E1C0D-6032-4CBC-B3A5-DD262445609F}.Debug|Any CPU.Build.0 = Debug|Any CPU
		{E41E1C0D-6032-4CBC-B3A5-DD262445609F}.Debug|Mixed Platforms.ActiveCfg = Debug|Any CPU
		{E41E1C0D-6032-4CBC-B3A5-DD262445609F}.Debug|Mixed Platforms.Build.0 = Debug|Any CPU
		{E41E1C0D-6032-4CBC-B3A5-DD262445609F}.Debug|x64.ActiveCfg = Debug|x64
		{E41E1C0D-6032-4CBC-B3A5-DD262445609F}.Debug|x64.Build.0 = Debug|x64
		{E41E1C0D-6032-4CBC-B3A5-DD262445609F}.Debug|x86.ActiveCfg = Debug|Any CPU
		{E41E1C0D-6032-4CBC-B3A5-DD262445609F}.Release|Any CPU.ActiveCfg = Release|Any CPU
		{E41E1C0D-6032-4CBC-B3A5-DD262445609F}.Release|Any CPU.Build.0 = Release|Any CPU
		{E41E1C0D-6032-4CBC-B3A5-DD262445609F}.Release|Mixed Platforms.ActiveCfg = Release|x64
		{E41E1C0D-6032-4CBC-B3A5-DD262445609F}.Release|Mixed Platforms.Build.0 = Release|x64
		{E41E1C0D-6032-4CBC-B3A5-DD262445609F}.Release|x64.ActiveCfg = Release|x64
		{E41E1C0D-6032-4CBC-B3A5-DD262445609F}.Release|x64.Build.0 = Release|x64
		{E41E1C0D-6032-4CBC-B3A5-DD262445609F}.Release|x86.ActiveCfg = Release|Any CPU
		{E41E1C0D-6032-4CBC-B3A5-DD262445609F}.x64 Solution Configuration|Any CPU.ActiveCfg = Release|Any CPU
		{E41E1C0D-6032-4CBC-B3A5-DD262445609F}.x64 Solution Configuration|Any CPU.Build.0 = Release|Any CPU
		{E41E1C0D-6032-4CBC-B3A5-DD262445609F}.x64 Solution Configuration|Mixed Platforms.ActiveCfg = Release|Any CPU
		{E41E1C0D-6032-4CBC-B3A5-DD262445609F}.x64 Solution Configuration|Mixed Platforms.Build.0 = Release|Any CPU
		{E41E1C0D-6032-4CBC-B3A5-DD262445609F}.x64 Solution Configuration|x64.ActiveCfg = Release|Any CPU
		{E41E1C0D-6032-4CBC-B3A5-DD262445609F}.x64 Solution Configuration|x86.ActiveCfg = Release|Any CPU
		{EB712DE3-E0A1-4AEC-AA0F-AD54CEE01C68}.Debug|Any CPU.ActiveCfg = Debug|Any CPU
		{EB712DE3-E0A1-4AEC-AA0F-AD54CEE01C68}.Debug|Any CPU.Build.0 = Debug|Any CPU
		{EB712DE3-E0A1-4AEC-AA0F-AD54CEE01C68}.Debug|Mixed Platforms.ActiveCfg = Debug|Any CPU
		{EB712DE3-E0A1-4AEC-AA0F-AD54CEE01C68}.Debug|Mixed Platforms.Build.0 = Debug|Any CPU
		{EB712DE3-E0A1-4AEC-AA0F-AD54CEE01C68}.Debug|x64.ActiveCfg = Debug|x64
		{EB712DE3-E0A1-4AEC-AA0F-AD54CEE01C68}.Debug|x64.Build.0 = Debug|x64
		{EB712DE3-E0A1-4AEC-AA0F-AD54CEE01C68}.Debug|x86.ActiveCfg = Debug|Any CPU
		{EB712DE3-E0A1-4AEC-AA0F-AD54CEE01C68}.Release|Any CPU.ActiveCfg = Release|Any CPU
		{EB712DE3-E0A1-4AEC-AA0F-AD54CEE01C68}.Release|Any CPU.Build.0 = Release|Any CPU
		{EB712DE3-E0A1-4AEC-AA0F-AD54CEE01C68}.Release|Mixed Platforms.ActiveCfg = Release|x64
		{EB712DE3-E0A1-4AEC-AA0F-AD54CEE01C68}.Release|Mixed Platforms.Build.0 = Release|x64
		{EB712DE3-E0A1-4AEC-AA0F-AD54CEE01C68}.Release|x64.ActiveCfg = Release|x64
		{EB712DE3-E0A1-4AEC-AA0F-AD54CEE01C68}.Release|x64.Build.0 = Release|x64
		{EB712DE3-E0A1-4AEC-AA0F-AD54CEE01C68}.Release|x86.ActiveCfg = Release|Any CPU
		{EB712DE3-E0A1-4AEC-AA0F-AD54CEE01C68}.x64 Solution Configuration|Any CPU.ActiveCfg = Release|Any CPU
		{EB712DE3-E0A1-4AEC-AA0F-AD54CEE01C68}.x64 Solution Configuration|Any CPU.Build.0 = Release|Any CPU
		{EB712DE3-E0A1-4AEC-AA0F-AD54CEE01C68}.x64 Solution Configuration|Mixed Platforms.ActiveCfg = Release|Any CPU
		{EB712DE3-E0A1-4AEC-AA0F-AD54CEE01C68}.x64 Solution Configuration|Mixed Platforms.Build.0 = Release|Any CPU
		{EB712DE3-E0A1-4AEC-AA0F-AD54CEE01C68}.x64 Solution Configuration|x64.ActiveCfg = Release|Any CPU
		{EB712DE3-E0A1-4AEC-AA0F-AD54CEE01C68}.x64 Solution Configuration|x86.ActiveCfg = Release|Any CPU
		{5625A098-2ED8-46F1-A60B-146FD7449DA3}.Debug|Any CPU.ActiveCfg = Debug|Any CPU
		{5625A098-2ED8-46F1-A60B-146FD7449DA3}.Debug|Any CPU.Build.0 = Debug|Any CPU
		{5625A098-2ED8-46F1-A60B-146FD7449DA3}.Debug|Mixed Platforms.ActiveCfg = Debug|Any CPU
		{5625A098-2ED8-46F1-A60B-146FD7449DA3}.Debug|Mixed Platforms.Build.0 = Debug|Any CPU
		{5625A098-2ED8-46F1-A60B-146FD7449DA3}.Debug|x64.ActiveCfg = Debug|x64
		{5625A098-2ED8-46F1-A60B-146FD7449DA3}.Debug|x64.Build.0 = Debug|x64
		{5625A098-2ED8-46F1-A60B-146FD7449DA3}.Debug|x86.ActiveCfg = Debug|Any CPU
		{5625A098-2ED8-46F1-A60B-146FD7449DA3}.Release|Any CPU.ActiveCfg = Release|Any CPU
		{5625A098-2ED8-46F1-A60B-146FD7449DA3}.Release|Any CPU.Build.0 = Release|Any CPU
		{5625A098-2ED8-46F1-A60B-146FD7449DA3}.Release|Mixed Platforms.ActiveCfg = Release|x64
		{5625A098-2ED8-46F1-A60B-146FD7449DA3}.Release|Mixed Platforms.Build.0 = Release|x64
		{5625A098-2ED8-46F1-A60B-146FD7449DA3}.Release|x64.ActiveCfg = Release|x64
		{5625A098-2ED8-46F1-A60B-146FD7449DA3}.Release|x64.Build.0 = Release|x64
		{5625A098-2ED8-46F1-A60B-146FD7449DA3}.Release|x86.ActiveCfg = Release|Any CPU
		{5625A098-2ED8-46F1-A60B-146FD7449DA3}.x64 Solution Configuration|Any CPU.ActiveCfg = Release|Any CPU
		{5625A098-2ED8-46F1-A60B-146FD7449DA3}.x64 Solution Configuration|Any CPU.Build.0 = Release|Any CPU
		{5625A098-2ED8-46F1-A60B-146FD7449DA3}.x64 Solution Configuration|Mixed Platforms.ActiveCfg = Release|Any CPU
		{5625A098-2ED8-46F1-A60B-146FD7449DA3}.x64 Solution Configuration|Mixed Platforms.Build.0 = Release|Any CPU
		{5625A098-2ED8-46F1-A60B-146FD7449DA3}.x64 Solution Configuration|x64.ActiveCfg = Release|Any CPU
		{5625A098-2ED8-46F1-A60B-146FD7449DA3}.x64 Solution Configuration|x86.ActiveCfg = Release|Any CPU
		{1C984C39-9FF9-4D80-B591-B82A76660103}.Debug|Any CPU.ActiveCfg = Debug|x86
		{1C984C39-9FF9-4D80-B591-B82A76660103}.Debug|Mixed Platforms.ActiveCfg = Debug|x86
		{1C984C39-9FF9-4D80-B591-B82A76660103}.Debug|Mixed Platforms.Build.0 = Debug|x86
		{1C984C39-9FF9-4D80-B591-B82A76660103}.Debug|x64.ActiveCfg = Debug|x64
		{1C984C39-9FF9-4D80-B591-B82A76660103}.Debug|x64.Build.0 = Debug|x64
		{1C984C39-9FF9-4D80-B591-B82A76660103}.Debug|x86.ActiveCfg = Debug|x86
		{1C984C39-9FF9-4D80-B591-B82A76660103}.Debug|x86.Build.0 = Debug|x86
		{1C984C39-9FF9-4D80-B591-B82A76660103}.Release|Any CPU.ActiveCfg = Release|x86
		{1C984C39-9FF9-4D80-B591-B82A76660103}.Release|Mixed Platforms.ActiveCfg = Release|x64
		{1C984C39-9FF9-4D80-B591-B82A76660103}.Release|Mixed Platforms.Build.0 = Release|x64
		{1C984C39-9FF9-4D80-B591-B82A76660103}.Release|x64.ActiveCfg = Release|x64
		{1C984C39-9FF9-4D80-B591-B82A76660103}.Release|x64.Build.0 = Release|x64
		{1C984C39-9FF9-4D80-B591-B82A76660103}.Release|x86.ActiveCfg = Release|x86
		{1C984C39-9FF9-4D80-B591-B82A76660103}.Release|x86.Build.0 = Release|x86
		{1C984C39-9FF9-4D80-B591-B82A76660103}.x64 Solution Configuration|Any CPU.ActiveCfg = x64 Solution Configuration|x86
		{1C984C39-9FF9-4D80-B591-B82A76660103}.x64 Solution Configuration|Mixed Platforms.ActiveCfg = x64 Solution Configuration|x86
		{1C984C39-9FF9-4D80-B591-B82A76660103}.x64 Solution Configuration|Mixed Platforms.Build.0 = x64 Solution Configuration|x86
		{1C984C39-9FF9-4D80-B591-B82A76660103}.x64 Solution Configuration|x64.ActiveCfg = x64 Solution Configuration|x64
		{1C984C39-9FF9-4D80-B591-B82A76660103}.x64 Solution Configuration|x64.Build.0 = x64 Solution Configuration|x64
		{1C984C39-9FF9-4D80-B591-B82A76660103}.x64 Solution Configuration|x86.ActiveCfg = x64 Solution Configuration|x86
		{1C984C39-9FF9-4D80-B591-B82A76660103}.x64 Solution Configuration|x86.Build.0 = x64 Solution Configuration|x86
		{B76BC58F-F8EB-4953-9AD9-00EAE7F1C23D}.Debug|Any CPU.ActiveCfg = Debug|x86
		{B76BC58F-F8EB-4953-9AD9-00EAE7F1C23D}.Debug|Mixed Platforms.ActiveCfg = Debug|x86
		{B76BC58F-F8EB-4953-9AD9-00EAE7F1C23D}.Debug|Mixed Platforms.Build.0 = Debug|x86
		{B76BC58F-F8EB-4953-9AD9-00EAE7F1C23D}.Debug|x64.ActiveCfg = Debug|x64
		{B76BC58F-F8EB-4953-9AD9-00EAE7F1C23D}.Debug|x64.Build.0 = Debug|x64
		{B76BC58F-F8EB-4953-9AD9-00EAE7F1C23D}.Debug|x86.ActiveCfg = Debug|x86
		{B76BC58F-F8EB-4953-9AD9-00EAE7F1C23D}.Debug|x86.Build.0 = Debug|x86
		{B76BC58F-F8EB-4953-9AD9-00EAE7F1C23D}.Release|Any CPU.ActiveCfg = Release|x86
		{B76BC58F-F8EB-4953-9AD9-00EAE7F1C23D}.Release|Mixed Platforms.ActiveCfg = Release|x64
		{B76BC58F-F8EB-4953-9AD9-00EAE7F1C23D}.Release|Mixed Platforms.Build.0 = Release|x64
		{B76BC58F-F8EB-4953-9AD9-00EAE7F1C23D}.Release|x64.ActiveCfg = Release|x64
		{B76BC58F-F8EB-4953-9AD9-00EAE7F1C23D}.Release|x64.Build.0 = Release|x64
		{B76BC58F-F8EB-4953-9AD9-00EAE7F1C23D}.Release|x86.ActiveCfg = Release|x86
		{B76BC58F-F8EB-4953-9AD9-00EAE7F1C23D}.Release|x86.Build.0 = Release|x86
		{B76BC58F-F8EB-4953-9AD9-00EAE7F1C23D}.x64 Solution Configuration|Any CPU.ActiveCfg = Release|x86
		{B76BC58F-F8EB-4953-9AD9-00EAE7F1C23D}.x64 Solution Configuration|Mixed Platforms.ActiveCfg = Release|x86
		{B76BC58F-F8EB-4953-9AD9-00EAE7F1C23D}.x64 Solution Configuration|Mixed Platforms.Build.0 = Release|x86
		{B76BC58F-F8EB-4953-9AD9-00EAE7F1C23D}.x64 Solution Configuration|x64.ActiveCfg = Release|x64
		{B76BC58F-F8EB-4953-9AD9-00EAE7F1C23D}.x64 Solution Configuration|x64.Build.0 = Release|x64
		{B76BC58F-F8EB-4953-9AD9-00EAE7F1C23D}.x64 Solution Configuration|x86.ActiveCfg = Release|x86
		{B76BC58F-F8EB-4953-9AD9-00EAE7F1C23D}.x64 Solution Configuration|x86.Build.0 = Release|x86
		{15CAC549-EAC7-461C-859E-9D4AF121B9D7}.Debug|Any CPU.ActiveCfg = Debug|x86
		{15CAC549-EAC7-461C-859E-9D4AF121B9D7}.Debug|Mixed Platforms.ActiveCfg = Debug|x86
		{15CAC549-EAC7-461C-859E-9D4AF121B9D7}.Debug|Mixed Platforms.Build.0 = Debug|x86
		{15CAC549-EAC7-461C-859E-9D4AF121B9D7}.Debug|x64.ActiveCfg = Debug|x64
		{15CAC549-EAC7-461C-859E-9D4AF121B9D7}.Debug|x64.Build.0 = Debug|x64
		{15CAC549-EAC7-461C-859E-9D4AF121B9D7}.Debug|x86.ActiveCfg = Debug|x86
		{15CAC549-EAC7-461C-859E-9D4AF121B9D7}.Debug|x86.Build.0 = Debug|x86
		{15CAC549-EAC7-461C-859E-9D4AF121B9D7}.Release|Any CPU.ActiveCfg = Release|x86
		{15CAC549-EAC7-461C-859E-9D4AF121B9D7}.Release|Mixed Platforms.ActiveCfg = Release|x64
		{15CAC549-EAC7-461C-859E-9D4AF121B9D7}.Release|Mixed Platforms.Build.0 = Release|x64
		{15CAC549-EAC7-461C-859E-9D4AF121B9D7}.Release|x64.ActiveCfg = Release|x64
		{15CAC549-EAC7-461C-859E-9D4AF121B9D7}.Release|x64.Build.0 = Release|x64
		{15CAC549-EAC7-461C-859E-9D4AF121B9D7}.Release|x86.ActiveCfg = Release|x86
		{15CAC549-EAC7-461C-859E-9D4AF121B9D7}.Release|x86.Build.0 = Release|x86
		{15CAC549-EAC7-461C-859E-9D4AF121B9D7}.x64 Solution Configuration|Any CPU.ActiveCfg = Release|x86
		{15CAC549-EAC7-461C-859E-9D4AF121B9D7}.x64 Solution Configuration|Mixed Platforms.ActiveCfg = Release|x86
		{15CAC549-EAC7-461C-859E-9D4AF121B9D7}.x64 Solution Configuration|Mixed Platforms.Build.0 = Release|x86
		{15CAC549-EAC7-461C-859E-9D4AF121B9D7}.x64 Solution Configuration|x64.ActiveCfg = Release|x64
		{15CAC549-EAC7-461C-859E-9D4AF121B9D7}.x64 Solution Configuration|x64.Build.0 = Release|x64
		{15CAC549-EAC7-461C-859E-9D4AF121B9D7}.x64 Solution Configuration|x86.ActiveCfg = Release|x86
		{15CAC549-EAC7-461C-859E-9D4AF121B9D7}.x64 Solution Configuration|x86.Build.0 = Release|x86
		{BE3D4020-39EF-4CE6-ACF3-11D358F0DCB7}.Debug|Any CPU.ActiveCfg = Debug|x86
		{BE3D4020-39EF-4CE6-ACF3-11D358F0DCB7}.Debug|Mixed Platforms.ActiveCfg = Debug|x86
		{BE3D4020-39EF-4CE6-ACF3-11D358F0DCB7}.Debug|Mixed Platforms.Build.0 = Debug|x86
		{BE3D4020-39EF-4CE6-ACF3-11D358F0DCB7}.Debug|x64.ActiveCfg = Debug|x64
		{BE3D4020-39EF-4CE6-ACF3-11D358F0DCB7}.Debug|x64.Build.0 = Debug|x64
		{BE3D4020-39EF-4CE6-ACF3-11D358F0DCB7}.Debug|x86.ActiveCfg = Debug|x86
		{BE3D4020-39EF-4CE6-ACF3-11D358F0DCB7}.Debug|x86.Build.0 = Debug|x86
		{BE3D4020-39EF-4CE6-ACF3-11D358F0DCB7}.Release|Any CPU.ActiveCfg = Release|x86
		{BE3D4020-39EF-4CE6-ACF3-11D358F0DCB7}.Release|Mixed Platforms.ActiveCfg = Release|x64
		{BE3D4020-39EF-4CE6-ACF3-11D358F0DCB7}.Release|Mixed Platforms.Build.0 = Release|x64
		{BE3D4020-39EF-4CE6-ACF3-11D358F0DCB7}.Release|x64.ActiveCfg = Release|x64
		{BE3D4020-39EF-4CE6-ACF3-11D358F0DCB7}.Release|x64.Build.0 = Release|x64
		{BE3D4020-39EF-4CE6-ACF3-11D358F0DCB7}.Release|x86.ActiveCfg = Release|x86
		{BE3D4020-39EF-4CE6-ACF3-11D358F0DCB7}.Release|x86.Build.0 = Release|x86
		{BE3D4020-39EF-4CE6-ACF3-11D358F0DCB7}.x64 Solution Configuration|Any CPU.ActiveCfg = Release|x86
		{BE3D4020-39EF-4CE6-ACF3-11D358F0DCB7}.x64 Solution Configuration|Mixed Platforms.ActiveCfg = Release|x86
		{BE3D4020-39EF-4CE6-ACF3-11D358F0DCB7}.x64 Solution Configuration|Mixed Platforms.Build.0 = Release|x86
		{BE3D4020-39EF-4CE6-ACF3-11D358F0DCB7}.x64 Solution Configuration|x64.ActiveCfg = Release|x64
		{BE3D4020-39EF-4CE6-ACF3-11D358F0DCB7}.x64 Solution Configuration|x64.Build.0 = Release|x64
		{BE3D4020-39EF-4CE6-ACF3-11D358F0DCB7}.x64 Solution Configuration|x86.ActiveCfg = Release|x86
		{BE3D4020-39EF-4CE6-ACF3-11D358F0DCB7}.x64 Solution Configuration|x86.Build.0 = Release|x86
		{38AD2165-9BDE-4A53-AD11-AFA221F784BD}.Debug|Any CPU.ActiveCfg = Debug|Any CPU
		{38AD2165-9BDE-4A53-AD11-AFA221F784BD}.Debug|Any CPU.Build.0 = Debug|Any CPU
		{38AD2165-9BDE-4A53-AD11-AFA221F784BD}.Debug|Mixed Platforms.ActiveCfg = Debug|Any CPU
		{38AD2165-9BDE-4A53-AD11-AFA221F784BD}.Debug|Mixed Platforms.Build.0 = Debug|Any CPU
		{38AD2165-9BDE-4A53-AD11-AFA221F784BD}.Debug|x64.ActiveCfg = Debug|x64
		{38AD2165-9BDE-4A53-AD11-AFA221F784BD}.Debug|x64.Build.0 = Debug|x64
		{38AD2165-9BDE-4A53-AD11-AFA221F784BD}.Debug|x86.ActiveCfg = Debug|Any CPU
		{38AD2165-9BDE-4A53-AD11-AFA221F784BD}.Release|Any CPU.ActiveCfg = Release|Any CPU
		{38AD2165-9BDE-4A53-AD11-AFA221F784BD}.Release|Any CPU.Build.0 = Release|Any CPU
		{38AD2165-9BDE-4A53-AD11-AFA221F784BD}.Release|Mixed Platforms.ActiveCfg = Release|x64
		{38AD2165-9BDE-4A53-AD11-AFA221F784BD}.Release|Mixed Platforms.Build.0 = Release|x64
		{38AD2165-9BDE-4A53-AD11-AFA221F784BD}.Release|x64.ActiveCfg = Release|x64
		{38AD2165-9BDE-4A53-AD11-AFA221F784BD}.Release|x64.Build.0 = Release|x64
		{38AD2165-9BDE-4A53-AD11-AFA221F784BD}.Release|x86.ActiveCfg = Release|Any CPU
		{38AD2165-9BDE-4A53-AD11-AFA221F784BD}.x64 Solution Configuration|Any CPU.ActiveCfg = Release|Any CPU
		{38AD2165-9BDE-4A53-AD11-AFA221F784BD}.x64 Solution Configuration|Any CPU.Build.0 = Release|Any CPU
		{38AD2165-9BDE-4A53-AD11-AFA221F784BD}.x64 Solution Configuration|Mixed Platforms.ActiveCfg = Release|Any CPU
		{38AD2165-9BDE-4A53-AD11-AFA221F784BD}.x64 Solution Configuration|Mixed Platforms.Build.0 = Release|Any CPU
		{38AD2165-9BDE-4A53-AD11-AFA221F784BD}.x64 Solution Configuration|x64.ActiveCfg = Release|Any CPU
		{38AD2165-9BDE-4A53-AD11-AFA221F784BD}.x64 Solution Configuration|x86.ActiveCfg = Release|Any CPU
		{42ED060A-4253-49C2-90DE-695AAE0BD8F5}.Debug|Any CPU.ActiveCfg = Debug|Any CPU
		{42ED060A-4253-49C2-90DE-695AAE0BD8F5}.Debug|Any CPU.Build.0 = Debug|Any CPU
		{42ED060A-4253-49C2-90DE-695AAE0BD8F5}.Debug|Mixed Platforms.ActiveCfg = Debug|Any CPU
		{42ED060A-4253-49C2-90DE-695AAE0BD8F5}.Debug|Mixed Platforms.Build.0 = Debug|Any CPU
		{42ED060A-4253-49C2-90DE-695AAE0BD8F5}.Debug|x64.ActiveCfg = Debug|x64
		{42ED060A-4253-49C2-90DE-695AAE0BD8F5}.Debug|x64.Build.0 = Debug|x64
		{42ED060A-4253-49C2-90DE-695AAE0BD8F5}.Debug|x86.ActiveCfg = Debug|Any CPU
		{42ED060A-4253-49C2-90DE-695AAE0BD8F5}.Release|Any CPU.ActiveCfg = Release|Any CPU
		{42ED060A-4253-49C2-90DE-695AAE0BD8F5}.Release|Any CPU.Build.0 = Release|Any CPU
		{42ED060A-4253-49C2-90DE-695AAE0BD8F5}.Release|Mixed Platforms.ActiveCfg = Release|x64
		{42ED060A-4253-49C2-90DE-695AAE0BD8F5}.Release|Mixed Platforms.Build.0 = Release|x64
		{42ED060A-4253-49C2-90DE-695AAE0BD8F5}.Release|x64.ActiveCfg = Release|x64
		{42ED060A-4253-49C2-90DE-695AAE0BD8F5}.Release|x64.Build.0 = Release|x64
		{42ED060A-4253-49C2-90DE-695AAE0BD8F5}.Release|x86.ActiveCfg = Release|Any CPU
		{42ED060A-4253-49C2-90DE-695AAE0BD8F5}.x64 Solution Configuration|Any CPU.ActiveCfg = Release|Any CPU
		{42ED060A-4253-49C2-90DE-695AAE0BD8F5}.x64 Solution Configuration|Any CPU.Build.0 = Release|Any CPU
		{42ED060A-4253-49C2-90DE-695AAE0BD8F5}.x64 Solution Configuration|Mixed Platforms.ActiveCfg = Release|Any CPU
		{42ED060A-4253-49C2-90DE-695AAE0BD8F5}.x64 Solution Configuration|Mixed Platforms.Build.0 = Release|Any CPU
		{42ED060A-4253-49C2-90DE-695AAE0BD8F5}.x64 Solution Configuration|x64.ActiveCfg = Release|Any CPU
		{42ED060A-4253-49C2-90DE-695AAE0BD8F5}.x64 Solution Configuration|x86.ActiveCfg = Release|Any CPU
		{FEBF609B-C70B-4FB2-B0CD-B48601DB2964}.Debug|Any CPU.ActiveCfg = Debug|Any CPU
		{FEBF609B-C70B-4FB2-B0CD-B48601DB2964}.Debug|Any CPU.Build.0 = Debug|Any CPU
		{FEBF609B-C70B-4FB2-B0CD-B48601DB2964}.Debug|Mixed Platforms.ActiveCfg = Debug|Any CPU
		{FEBF609B-C70B-4FB2-B0CD-B48601DB2964}.Debug|Mixed Platforms.Build.0 = Debug|Any CPU
		{FEBF609B-C70B-4FB2-B0CD-B48601DB2964}.Debug|x64.ActiveCfg = Debug|x64
		{FEBF609B-C70B-4FB2-B0CD-B48601DB2964}.Debug|x64.Build.0 = Debug|x64
		{FEBF609B-C70B-4FB2-B0CD-B48601DB2964}.Debug|x86.ActiveCfg = Debug|Any CPU
		{FEBF609B-C70B-4FB2-B0CD-B48601DB2964}.Release|Any CPU.ActiveCfg = Release|Any CPU
		{FEBF609B-C70B-4FB2-B0CD-B48601DB2964}.Release|Any CPU.Build.0 = Release|Any CPU
		{FEBF609B-C70B-4FB2-B0CD-B48601DB2964}.Release|Mixed Platforms.ActiveCfg = Release|x64
		{FEBF609B-C70B-4FB2-B0CD-B48601DB2964}.Release|Mixed Platforms.Build.0 = Release|x64
		{FEBF609B-C70B-4FB2-B0CD-B48601DB2964}.Release|x64.ActiveCfg = Release|x64
		{FEBF609B-C70B-4FB2-B0CD-B48601DB2964}.Release|x64.Build.0 = Release|x64
		{FEBF609B-C70B-4FB2-B0CD-B48601DB2964}.Release|x86.ActiveCfg = Release|Any CPU
		{FEBF609B-C70B-4FB2-B0CD-B48601DB2964}.x64 Solution Configuration|Any CPU.ActiveCfg = Release|Any CPU
		{FEBF609B-C70B-4FB2-B0CD-B48601DB2964}.x64 Solution Configuration|Any CPU.Build.0 = Release|Any CPU
		{FEBF609B-C70B-4FB2-B0CD-B48601DB2964}.x64 Solution Configuration|Mixed Platforms.ActiveCfg = Release|Any CPU
		{FEBF609B-C70B-4FB2-B0CD-B48601DB2964}.x64 Solution Configuration|Mixed Platforms.Build.0 = Release|Any CPU
		{FEBF609B-C70B-4FB2-B0CD-B48601DB2964}.x64 Solution Configuration|x64.ActiveCfg = Release|Any CPU
		{FEBF609B-C70B-4FB2-B0CD-B48601DB2964}.x64 Solution Configuration|x86.ActiveCfg = Release|Any CPU
		{85D73E52-1D44-4C08-9255-72577A2994F1}.Debug|Any CPU.ActiveCfg = Debug|Any CPU
		{85D73E52-1D44-4C08-9255-72577A2994F1}.Debug|Any CPU.Build.0 = Debug|Any CPU
		{85D73E52-1D44-4C08-9255-72577A2994F1}.Debug|Mixed Platforms.ActiveCfg = Debug|Any CPU
		{85D73E52-1D44-4C08-9255-72577A2994F1}.Debug|Mixed Platforms.Build.0 = Debug|Any CPU
		{85D73E52-1D44-4C08-9255-72577A2994F1}.Debug|x64.ActiveCfg = Debug|x64
		{85D73E52-1D44-4C08-9255-72577A2994F1}.Debug|x64.Build.0 = Debug|x64
		{85D73E52-1D44-4C08-9255-72577A2994F1}.Debug|x86.ActiveCfg = Debug|Any CPU
		{85D73E52-1D44-4C08-9255-72577A2994F1}.Release|Any CPU.ActiveCfg = Release|Any CPU
		{85D73E52-1D44-4C08-9255-72577A2994F1}.Release|Any CPU.Build.0 = Release|Any CPU
		{85D73E52-1D44-4C08-9255-72577A2994F1}.Release|Mixed Platforms.ActiveCfg = Release|x64
		{85D73E52-1D44-4C08-9255-72577A2994F1}.Release|Mixed Platforms.Build.0 = Release|x64
		{85D73E52-1D44-4C08-9255-72577A2994F1}.Release|x64.ActiveCfg = Release|x64
		{85D73E52-1D44-4C08-9255-72577A2994F1}.Release|x64.Build.0 = Release|x64
		{85D73E52-1D44-4C08-9255-72577A2994F1}.Release|x86.ActiveCfg = Release|Any CPU
		{85D73E52-1D44-4C08-9255-72577A2994F1}.x64 Solution Configuration|Any CPU.ActiveCfg = Release|Any CPU
		{85D73E52-1D44-4C08-9255-72577A2994F1}.x64 Solution Configuration|Any CPU.Build.0 = Release|Any CPU
		{85D73E52-1D44-4C08-9255-72577A2994F1}.x64 Solution Configuration|Mixed Platforms.ActiveCfg = Release|Any CPU
		{85D73E52-1D44-4C08-9255-72577A2994F1}.x64 Solution Configuration|Mixed Platforms.Build.0 = Release|Any CPU
		{85D73E52-1D44-4C08-9255-72577A2994F1}.x64 Solution Configuration|x64.ActiveCfg = Release|Any CPU
		{85D73E52-1D44-4C08-9255-72577A2994F1}.x64 Solution Configuration|x86.ActiveCfg = Release|Any CPU
		{B0AD9613-B1CB-4AF6-B825-444E26A9F466}.Debug|Any CPU.ActiveCfg = Debug|Any CPU
		{B0AD9613-B1CB-4AF6-B825-444E26A9F466}.Debug|Any CPU.Build.0 = Debug|Any CPU
		{B0AD9613-B1CB-4AF6-B825-444E26A9F466}.Debug|Mixed Platforms.ActiveCfg = Debug|Any CPU
		{B0AD9613-B1CB-4AF6-B825-444E26A9F466}.Debug|Mixed Platforms.Build.0 = Debug|Any CPU
		{B0AD9613-B1CB-4AF6-B825-444E26A9F466}.Debug|x64.ActiveCfg = Debug|x64
		{B0AD9613-B1CB-4AF6-B825-444E26A9F466}.Debug|x64.Build.0 = Debug|x64
		{B0AD9613-B1CB-4AF6-B825-444E26A9F466}.Debug|x86.ActiveCfg = Debug|Any CPU
		{B0AD9613-B1CB-4AF6-B825-444E26A9F466}.Release|Any CPU.ActiveCfg = Release|Any CPU
		{B0AD9613-B1CB-4AF6-B825-444E26A9F466}.Release|Any CPU.Build.0 = Release|Any CPU
		{B0AD9613-B1CB-4AF6-B825-444E26A9F466}.Release|Mixed Platforms.ActiveCfg = Release|x64
		{B0AD9613-B1CB-4AF6-B825-444E26A9F466}.Release|Mixed Platforms.Build.0 = Release|x64
		{B0AD9613-B1CB-4AF6-B825-444E26A9F466}.Release|x64.ActiveCfg = Release|x64
		{B0AD9613-B1CB-4AF6-B825-444E26A9F466}.Release|x64.Build.0 = Release|x64
		{B0AD9613-B1CB-4AF6-B825-444E26A9F466}.Release|x86.ActiveCfg = Release|Any CPU
		{B0AD9613-B1CB-4AF6-B825-444E26A9F466}.x64 Solution Configuration|Any CPU.ActiveCfg = Release|Any CPU
		{B0AD9613-B1CB-4AF6-B825-444E26A9F466}.x64 Solution Configuration|Any CPU.Build.0 = Release|Any CPU
		{B0AD9613-B1CB-4AF6-B825-444E26A9F466}.x64 Solution Configuration|Mixed Platforms.ActiveCfg = Release|Any CPU
		{B0AD9613-B1CB-4AF6-B825-444E26A9F466}.x64 Solution Configuration|Mixed Platforms.Build.0 = Release|Any CPU
		{B0AD9613-B1CB-4AF6-B825-444E26A9F466}.x64 Solution Configuration|x64.ActiveCfg = Release|Any CPU
		{B0AD9613-B1CB-4AF6-B825-444E26A9F466}.x64 Solution Configuration|x86.ActiveCfg = Release|Any CPU
		{779E5E00-9218-4F0B-AC3D-5B70A6EBD886}.Debug|Any CPU.ActiveCfg = Debug|Any CPU
		{779E5E00-9218-4F0B-AC3D-5B70A6EBD886}.Debug|Any CPU.Build.0 = Debug|Any CPU
		{779E5E00-9218-4F0B-AC3D-5B70A6EBD886}.Debug|Mixed Platforms.ActiveCfg = Debug|Any CPU
		{779E5E00-9218-4F0B-AC3D-5B70A6EBD886}.Debug|Mixed Platforms.Build.0 = Debug|Any CPU
		{779E5E00-9218-4F0B-AC3D-5B70A6EBD886}.Debug|x64.ActiveCfg = Debug|x64
		{779E5E00-9218-4F0B-AC3D-5B70A6EBD886}.Debug|x64.Build.0 = Debug|x64
		{779E5E00-9218-4F0B-AC3D-5B70A6EBD886}.Debug|x86.ActiveCfg = Debug|Any CPU
		{779E5E00-9218-4F0B-AC3D-5B70A6EBD886}.Release|Any CPU.ActiveCfg = Release|Any CPU
		{779E5E00-9218-4F0B-AC3D-5B70A6EBD886}.Release|Any CPU.Build.0 = Release|Any CPU
		{779E5E00-9218-4F0B-AC3D-5B70A6EBD886}.Release|Mixed Platforms.ActiveCfg = Release|x64
		{779E5E00-9218-4F0B-AC3D-5B70A6EBD886}.Release|Mixed Platforms.Build.0 = Release|x64
		{779E5E00-9218-4F0B-AC3D-5B70A6EBD886}.Release|x64.ActiveCfg = Release|x64
		{779E5E00-9218-4F0B-AC3D-5B70A6EBD886}.Release|x64.Build.0 = Release|x64
		{779E5E00-9218-4F0B-AC3D-5B70A6EBD886}.Release|x86.ActiveCfg = Release|Any CPU
		{779E5E00-9218-4F0B-AC3D-5B70A6EBD886}.x64 Solution Configuration|Any CPU.ActiveCfg = Release|Any CPU
		{779E5E00-9218-4F0B-AC3D-5B70A6EBD886}.x64 Solution Configuration|Any CPU.Build.0 = Release|Any CPU
		{779E5E00-9218-4F0B-AC3D-5B70A6EBD886}.x64 Solution Configuration|Mixed Platforms.ActiveCfg = Release|Any CPU
		{779E5E00-9218-4F0B-AC3D-5B70A6EBD886}.x64 Solution Configuration|Mixed Platforms.Build.0 = Release|Any CPU
		{779E5E00-9218-4F0B-AC3D-5B70A6EBD886}.x64 Solution Configuration|x64.ActiveCfg = Release|x64
		{779E5E00-9218-4F0B-AC3D-5B70A6EBD886}.x64 Solution Configuration|x64.Build.0 = Release|x64
		{779E5E00-9218-4F0B-AC3D-5B70A6EBD886}.x64 Solution Configuration|x86.ActiveCfg = Release|Any CPU
		{903BDA72-E40C-4A3F-8EBB-B990C7164C81}.Debug|Any CPU.ActiveCfg = Debug|Any CPU
		{903BDA72-E40C-4A3F-8EBB-B990C7164C81}.Debug|Any CPU.Build.0 = Debug|Any CPU
		{903BDA72-E40C-4A3F-8EBB-B990C7164C81}.Debug|Mixed Platforms.ActiveCfg = Debug|Any CPU
		{903BDA72-E40C-4A3F-8EBB-B990C7164C81}.Debug|Mixed Platforms.Build.0 = Debug|Any CPU
		{903BDA72-E40C-4A3F-8EBB-B990C7164C81}.Debug|x64.ActiveCfg = Debug|x64
		{903BDA72-E40C-4A3F-8EBB-B990C7164C81}.Debug|x64.Build.0 = Debug|x64
		{903BDA72-E40C-4A3F-8EBB-B990C7164C81}.Debug|x86.ActiveCfg = Debug|Any CPU
		{903BDA72-E40C-4A3F-8EBB-B990C7164C81}.Release|Any CPU.ActiveCfg = Release|Any CPU
		{903BDA72-E40C-4A3F-8EBB-B990C7164C81}.Release|Any CPU.Build.0 = Release|Any CPU
		{903BDA72-E40C-4A3F-8EBB-B990C7164C81}.Release|Mixed Platforms.ActiveCfg = Release|x64
		{903BDA72-E40C-4A3F-8EBB-B990C7164C81}.Release|Mixed Platforms.Build.0 = Release|x64
		{903BDA72-E40C-4A3F-8EBB-B990C7164C81}.Release|x64.ActiveCfg = Release|x64
		{903BDA72-E40C-4A3F-8EBB-B990C7164C81}.Release|x64.Build.0 = Release|x64
		{903BDA72-E40C-4A3F-8EBB-B990C7164C81}.Release|x86.ActiveCfg = Release|Any CPU
		{903BDA72-E40C-4A3F-8EBB-B990C7164C81}.x64 Solution Configuration|Any CPU.ActiveCfg = Release|Any CPU
		{903BDA72-E40C-4A3F-8EBB-B990C7164C81}.x64 Solution Configuration|Any CPU.Build.0 = Release|Any CPU
		{903BDA72-E40C-4A3F-8EBB-B990C7164C81}.x64 Solution Configuration|Mixed Platforms.ActiveCfg = Release|Any CPU
		{903BDA72-E40C-4A3F-8EBB-B990C7164C81}.x64 Solution Configuration|Mixed Platforms.Build.0 = Release|Any CPU
		{903BDA72-E40C-4A3F-8EBB-B990C7164C81}.x64 Solution Configuration|x64.ActiveCfg = Release|x64
		{903BDA72-E40C-4A3F-8EBB-B990C7164C81}.x64 Solution Configuration|x64.Build.0 = Release|x64
		{903BDA72-E40C-4A3F-8EBB-B990C7164C81}.x64 Solution Configuration|x86.ActiveCfg = Release|Any CPU
		{5F2CBF9B-1648-4C0E-B065-BF709F82B396}.Debug|Any CPU.ActiveCfg = Debug|Any CPU
		{5F2CBF9B-1648-4C0E-B065-BF709F82B396}.Debug|Any CPU.Build.0 = Debug|Any CPU
		{5F2CBF9B-1648-4C0E-B065-BF709F82B396}.Debug|Mixed Platforms.ActiveCfg = Debug|Any CPU
		{5F2CBF9B-1648-4C0E-B065-BF709F82B396}.Debug|Mixed Platforms.Build.0 = Debug|Any CPU
		{5F2CBF9B-1648-4C0E-B065-BF709F82B396}.Debug|x64.ActiveCfg = Debug|x64
		{5F2CBF9B-1648-4C0E-B065-BF709F82B396}.Debug|x64.Build.0 = Debug|x64
		{5F2CBF9B-1648-4C0E-B065-BF709F82B396}.Debug|x86.ActiveCfg = Debug|Any CPU
		{5F2CBF9B-1648-4C0E-B065-BF709F82B396}.Release|Any CPU.ActiveCfg = Release|Any CPU
		{5F2CBF9B-1648-4C0E-B065-BF709F82B396}.Release|Any CPU.Build.0 = Release|Any CPU
		{5F2CBF9B-1648-4C0E-B065-BF709F82B396}.Release|Mixed Platforms.ActiveCfg = Release|x64
		{5F2CBF9B-1648-4C0E-B065-BF709F82B396}.Release|Mixed Platforms.Build.0 = Release|x64
		{5F2CBF9B-1648-4C0E-B065-BF709F82B396}.Release|x64.ActiveCfg = Release|x64
		{5F2CBF9B-1648-4C0E-B065-BF709F82B396}.Release|x64.Build.0 = Release|x64
		{5F2CBF9B-1648-4C0E-B065-BF709F82B396}.Release|x86.ActiveCfg = Release|Any CPU
		{5F2CBF9B-1648-4C0E-B065-BF709F82B396}.x64 Solution Configuration|Any CPU.ActiveCfg = Release|Any CPU
		{5F2CBF9B-1648-4C0E-B065-BF709F82B396}.x64 Solution Configuration|Any CPU.Build.0 = Release|Any CPU
		{5F2CBF9B-1648-4C0E-B065-BF709F82B396}.x64 Solution Configuration|Mixed Platforms.ActiveCfg = Release|Any CPU
		{5F2CBF9B-1648-4C0E-B065-BF709F82B396}.x64 Solution Configuration|Mixed Platforms.Build.0 = Release|Any CPU
		{5F2CBF9B-1648-4C0E-B065-BF709F82B396}.x64 Solution Configuration|x64.ActiveCfg = Release|Any CPU
		{5F2CBF9B-1648-4C0E-B065-BF709F82B396}.x64 Solution Configuration|x86.ActiveCfg = Release|Any CPU
		{0FE4D548-FBE4-45E3-A721-A410FF1CAA0C}.Debug|Any CPU.ActiveCfg = Debug|Any CPU
		{0FE4D548-FBE4-45E3-A721-A410FF1CAA0C}.Debug|Any CPU.Build.0 = Debug|Any CPU
		{0FE4D548-FBE4-45E3-A721-A410FF1CAA0C}.Debug|Mixed Platforms.ActiveCfg = Debug|Any CPU
		{0FE4D548-FBE4-45E3-A721-A410FF1CAA0C}.Debug|Mixed Platforms.Build.0 = Debug|Any CPU
		{0FE4D548-FBE4-45E3-A721-A410FF1CAA0C}.Debug|x64.ActiveCfg = Debug|x64
		{0FE4D548-FBE4-45E3-A721-A410FF1CAA0C}.Debug|x64.Build.0 = Debug|x64
		{0FE4D548-FBE4-45E3-A721-A410FF1CAA0C}.Debug|x86.ActiveCfg = Debug|Any CPU
		{0FE4D548-FBE4-45E3-A721-A410FF1CAA0C}.Release|Any CPU.ActiveCfg = Release|Any CPU
		{0FE4D548-FBE4-45E3-A721-A410FF1CAA0C}.Release|Any CPU.Build.0 = Release|Any CPU
		{0FE4D548-FBE4-45E3-A721-A410FF1CAA0C}.Release|Mixed Platforms.ActiveCfg = Release|x64
		{0FE4D548-FBE4-45E3-A721-A410FF1CAA0C}.Release|Mixed Platforms.Build.0 = Release|x64
		{0FE4D548-FBE4-45E3-A721-A410FF1CAA0C}.Release|x64.ActiveCfg = Release|x64
		{0FE4D548-FBE4-45E3-A721-A410FF1CAA0C}.Release|x64.Build.0 = Release|x64
		{0FE4D548-FBE4-45E3-A721-A410FF1CAA0C}.Release|x86.ActiveCfg = Release|Any CPU
		{0FE4D548-FBE4-45E3-A721-A410FF1CAA0C}.x64 Solution Configuration|Any CPU.ActiveCfg = Release|Any CPU
		{0FE4D548-FBE4-45E3-A721-A410FF1CAA0C}.x64 Solution Configuration|Any CPU.Build.0 = Release|Any CPU
		{0FE4D548-FBE4-45E3-A721-A410FF1CAA0C}.x64 Solution Configuration|Mixed Platforms.ActiveCfg = Release|Any CPU
		{0FE4D548-FBE4-45E3-A721-A410FF1CAA0C}.x64 Solution Configuration|Mixed Platforms.Build.0 = Release|Any CPU
		{0FE4D548-FBE4-45E3-A721-A410FF1CAA0C}.x64 Solution Configuration|x64.ActiveCfg = Release|Any CPU
		{0FE4D548-FBE4-45E3-A721-A410FF1CAA0C}.x64 Solution Configuration|x86.ActiveCfg = Release|Any CPU
		{D51949FB-C3F0-4246-99DA-7854512ACAA4}.Debug|Any CPU.ActiveCfg = Debug|Any CPU
		{D51949FB-C3F0-4246-99DA-7854512ACAA4}.Debug|Any CPU.Build.0 = Debug|Any CPU
		{D51949FB-C3F0-4246-99DA-7854512ACAA4}.Debug|Mixed Platforms.ActiveCfg = Debug|Any CPU
		{D51949FB-C3F0-4246-99DA-7854512ACAA4}.Debug|Mixed Platforms.Build.0 = Debug|Any CPU
		{D51949FB-C3F0-4246-99DA-7854512ACAA4}.Debug|x64.ActiveCfg = Debug|x64
		{D51949FB-C3F0-4246-99DA-7854512ACAA4}.Debug|x64.Build.0 = Debug|x64
		{D51949FB-C3F0-4246-99DA-7854512ACAA4}.Debug|x86.ActiveCfg = Debug|Any CPU
		{D51949FB-C3F0-4246-99DA-7854512ACAA4}.Release|Any CPU.ActiveCfg = Release|Any CPU
		{D51949FB-C3F0-4246-99DA-7854512ACAA4}.Release|Any CPU.Build.0 = Release|Any CPU
		{D51949FB-C3F0-4246-99DA-7854512ACAA4}.Release|Mixed Platforms.ActiveCfg = Release|Any CPU
		{D51949FB-C3F0-4246-99DA-7854512ACAA4}.Release|Mixed Platforms.Build.0 = Release|Any CPU
		{D51949FB-C3F0-4246-99DA-7854512ACAA4}.Release|x64.ActiveCfg = Release|x64
		{D51949FB-C3F0-4246-99DA-7854512ACAA4}.Release|x64.Build.0 = Release|x64
		{D51949FB-C3F0-4246-99DA-7854512ACAA4}.Release|x86.ActiveCfg = Release|Any CPU
		{D51949FB-C3F0-4246-99DA-7854512ACAA4}.x64 Solution Configuration|Any CPU.ActiveCfg = Release|Any CPU
		{D51949FB-C3F0-4246-99DA-7854512ACAA4}.x64 Solution Configuration|Any CPU.Build.0 = Release|Any CPU
		{D51949FB-C3F0-4246-99DA-7854512ACAA4}.x64 Solution Configuration|Mixed Platforms.ActiveCfg = Release|Any CPU
		{D51949FB-C3F0-4246-99DA-7854512ACAA4}.x64 Solution Configuration|Mixed Platforms.Build.0 = Release|Any CPU
		{D51949FB-C3F0-4246-99DA-7854512ACAA4}.x64 Solution Configuration|x64.ActiveCfg = Release|Any CPU
		{D51949FB-C3F0-4246-99DA-7854512ACAA4}.x64 Solution Configuration|x86.ActiveCfg = Release|Any CPU
		{C87B5377-6F89-4AEB-AC22-2B5D86F53F69}.Debug|Any CPU.ActiveCfg = Debug|Any CPU
		{C87B5377-6F89-4AEB-AC22-2B5D86F53F69}.Debug|Any CPU.Build.0 = Debug|Any CPU
		{C87B5377-6F89-4AEB-AC22-2B5D86F53F69}.Debug|Mixed Platforms.ActiveCfg = Debug|Any CPU
		{C87B5377-6F89-4AEB-AC22-2B5D86F53F69}.Debug|Mixed Platforms.Build.0 = Debug|Any CPU
		{C87B5377-6F89-4AEB-AC22-2B5D86F53F69}.Debug|x64.ActiveCfg = Debug|x64
		{C87B5377-6F89-4AEB-AC22-2B5D86F53F69}.Debug|x64.Build.0 = Debug|x64
		{C87B5377-6F89-4AEB-AC22-2B5D86F53F69}.Debug|x86.ActiveCfg = Debug|Any CPU
		{C87B5377-6F89-4AEB-AC22-2B5D86F53F69}.Release|Any CPU.ActiveCfg = Release|Any CPU
		{C87B5377-6F89-4AEB-AC22-2B5D86F53F69}.Release|Any CPU.Build.0 = Release|Any CPU
		{C87B5377-6F89-4AEB-AC22-2B5D86F53F69}.Release|Mixed Platforms.ActiveCfg = Release|Any CPU
		{C87B5377-6F89-4AEB-AC22-2B5D86F53F69}.Release|Mixed Platforms.Build.0 = Release|Any CPU
		{C87B5377-6F89-4AEB-AC22-2B5D86F53F69}.Release|x64.ActiveCfg = Release|x64
		{C87B5377-6F89-4AEB-AC22-2B5D86F53F69}.Release|x64.Build.0 = Release|x64
		{C87B5377-6F89-4AEB-AC22-2B5D86F53F69}.Release|x86.ActiveCfg = Release|Any CPU
		{C87B5377-6F89-4AEB-AC22-2B5D86F53F69}.x64 Solution Configuration|Any CPU.ActiveCfg = Release|Any CPU
		{C87B5377-6F89-4AEB-AC22-2B5D86F53F69}.x64 Solution Configuration|Any CPU.Build.0 = Release|Any CPU
		{C87B5377-6F89-4AEB-AC22-2B5D86F53F69}.x64 Solution Configuration|Mixed Platforms.ActiveCfg = Release|Any CPU
		{C87B5377-6F89-4AEB-AC22-2B5D86F53F69}.x64 Solution Configuration|Mixed Platforms.Build.0 = Release|Any CPU
		{C87B5377-6F89-4AEB-AC22-2B5D86F53F69}.x64 Solution Configuration|x64.ActiveCfg = Release|Any CPU
		{C87B5377-6F89-4AEB-AC22-2B5D86F53F69}.x64 Solution Configuration|x86.ActiveCfg = Release|Any CPU
		{4D20C478-948F-40D3-8DDD-EC4A2A6E13D2}.Debug|Any CPU.ActiveCfg = Debug|Any CPU
		{4D20C478-948F-40D3-8DDD-EC4A2A6E13D2}.Debug|Any CPU.Build.0 = Debug|Any CPU
		{4D20C478-948F-40D3-8DDD-EC4A2A6E13D2}.Debug|Mixed Platforms.ActiveCfg = Debug|Any CPU
		{4D20C478-948F-40D3-8DDD-EC4A2A6E13D2}.Debug|Mixed Platforms.Build.0 = Debug|Any CPU
		{4D20C478-948F-40D3-8DDD-EC4A2A6E13D2}.Debug|x64.ActiveCfg = Debug|x64
		{4D20C478-948F-40D3-8DDD-EC4A2A6E13D2}.Debug|x64.Build.0 = Debug|x64
		{4D20C478-948F-40D3-8DDD-EC4A2A6E13D2}.Debug|x86.ActiveCfg = Debug|Any CPU
		{4D20C478-948F-40D3-8DDD-EC4A2A6E13D2}.Release|Any CPU.ActiveCfg = Release|Any CPU
		{4D20C478-948F-40D3-8DDD-EC4A2A6E13D2}.Release|Any CPU.Build.0 = Release|Any CPU
		{4D20C478-948F-40D3-8DDD-EC4A2A6E13D2}.Release|Mixed Platforms.ActiveCfg = Release|Any CPU
		{4D20C478-948F-40D3-8DDD-EC4A2A6E13D2}.Release|Mixed Platforms.Build.0 = Release|Any CPU
		{4D20C478-948F-40D3-8DDD-EC4A2A6E13D2}.Release|x64.ActiveCfg = Release|x64
		{4D20C478-948F-40D3-8DDD-EC4A2A6E13D2}.Release|x64.Build.0 = Release|x64
		{4D20C478-948F-40D3-8DDD-EC4A2A6E13D2}.Release|x86.ActiveCfg = Release|Any CPU
		{4D20C478-948F-40D3-8DDD-EC4A2A6E13D2}.x64 Solution Configuration|Any CPU.ActiveCfg = Release|Any CPU
		{4D20C478-948F-40D3-8DDD-EC4A2A6E13D2}.x64 Solution Configuration|Any CPU.Build.0 = Release|Any CPU
		{4D20C478-948F-40D3-8DDD-EC4A2A6E13D2}.x64 Solution Configuration|Mixed Platforms.ActiveCfg = Release|Any CPU
		{4D20C478-948F-40D3-8DDD-EC4A2A6E13D2}.x64 Solution Configuration|Mixed Platforms.Build.0 = Release|Any CPU
		{4D20C478-948F-40D3-8DDD-EC4A2A6E13D2}.x64 Solution Configuration|x64.ActiveCfg = Release|Any CPU
		{4D20C478-948F-40D3-8DDD-EC4A2A6E13D2}.x64 Solution Configuration|x86.ActiveCfg = Release|Any CPU
		{C969A4E9-72B3-4631-8D3A-05055704581A}.Debug|Any CPU.ActiveCfg = Debug|Any CPU
		{C969A4E9-72B3-4631-8D3A-05055704581A}.Debug|Any CPU.Build.0 = Debug|Any CPU
		{C969A4E9-72B3-4631-8D3A-05055704581A}.Debug|Mixed Platforms.ActiveCfg = Debug|Any CPU
		{C969A4E9-72B3-4631-8D3A-05055704581A}.Debug|Mixed Platforms.Build.0 = Debug|Any CPU
		{C969A4E9-72B3-4631-8D3A-05055704581A}.Debug|x64.ActiveCfg = Debug|x64
		{C969A4E9-72B3-4631-8D3A-05055704581A}.Debug|x64.Build.0 = Debug|x64
		{C969A4E9-72B3-4631-8D3A-05055704581A}.Debug|x86.ActiveCfg = Debug|Any CPU
		{C969A4E9-72B3-4631-8D3A-05055704581A}.Release|Any CPU.ActiveCfg = Release|Any CPU
		{C969A4E9-72B3-4631-8D3A-05055704581A}.Release|Any CPU.Build.0 = Release|Any CPU
		{C969A4E9-72B3-4631-8D3A-05055704581A}.Release|Mixed Platforms.ActiveCfg = Release|Any CPU
		{C969A4E9-72B3-4631-8D3A-05055704581A}.Release|Mixed Platforms.Build.0 = Release|Any CPU
		{C969A4E9-72B3-4631-8D3A-05055704581A}.Release|x64.ActiveCfg = Release|x64
		{C969A4E9-72B3-4631-8D3A-05055704581A}.Release|x64.Build.0 = Release|x64
		{C969A4E9-72B3-4631-8D3A-05055704581A}.Release|x86.ActiveCfg = Release|Any CPU
		{C969A4E9-72B3-4631-8D3A-05055704581A}.x64 Solution Configuration|Any CPU.ActiveCfg = Release|Any CPU
		{C969A4E9-72B3-4631-8D3A-05055704581A}.x64 Solution Configuration|Any CPU.Build.0 = Release|Any CPU
		{C969A4E9-72B3-4631-8D3A-05055704581A}.x64 Solution Configuration|Mixed Platforms.ActiveCfg = Release|Any CPU
		{C969A4E9-72B3-4631-8D3A-05055704581A}.x64 Solution Configuration|Mixed Platforms.Build.0 = Release|Any CPU
		{C969A4E9-72B3-4631-8D3A-05055704581A}.x64 Solution Configuration|x64.ActiveCfg = Release|Any CPU
		{C969A4E9-72B3-4631-8D3A-05055704581A}.x64 Solution Configuration|x86.ActiveCfg = Release|Any CPU
	EndGlobalSection
	GlobalSection(SolutionProperties) = preSolution
		HideSolutionNode = FALSE
	EndGlobalSection
	GlobalSection(NestedProjects) = preSolution
		{E41E1C0D-6032-4CBC-B3A5-DD262445609F} = {29F8844D-3B39-4CC7-8502-19310854A064}
		{EB712DE3-E0A1-4AEC-AA0F-AD54CEE01C68} = {29F8844D-3B39-4CC7-8502-19310854A064}
		{5625A098-2ED8-46F1-A60B-146FD7449DA3} = {29F8844D-3B39-4CC7-8502-19310854A064}
		{1C984C39-9FF9-4D80-B591-B82A76660103} = {29F8844D-3B39-4CC7-8502-19310854A064}
		{38AD2165-9BDE-4A53-AD11-AFA221F784BD} = {841F6DD6-12BC-46B6-8952-2D159538BE62}
		{42ED060A-4253-49C2-90DE-695AAE0BD8F5} = {841F6DD6-12BC-46B6-8952-2D159538BE62}
		{FEBF609B-C70B-4FB2-B0CD-B48601DB2964} = {841F6DD6-12BC-46B6-8952-2D159538BE62}
		{85D73E52-1D44-4C08-9255-72577A2994F1} = {841F6DD6-12BC-46B6-8952-2D159538BE62}
		{B0AD9613-B1CB-4AF6-B825-444E26A9F466} = {841F6DD6-12BC-46B6-8952-2D159538BE62}
		{779E5E00-9218-4F0B-AC3D-5B70A6EBD886} = {841F6DD6-12BC-46B6-8952-2D159538BE62}
		{903BDA72-E40C-4A3F-8EBB-B990C7164C81} = {841F6DD6-12BC-46B6-8952-2D159538BE62}
		{5F2CBF9B-1648-4C0E-B065-BF709F82B396} = {841F6DD6-12BC-46B6-8952-2D159538BE62}
		{D51949FB-C3F0-4246-99DA-7854512ACAA4} = {841F6DD6-12BC-46B6-8952-2D159538BE62}
		{C87B5377-6F89-4AEB-AC22-2B5D86F53F69} = {841F6DD6-12BC-46B6-8952-2D159538BE62}
		{C969A4E9-72B3-4631-8D3A-05055704581A} = {841F6DD6-12BC-46B6-8952-2D159538BE62}
		{B76BC58F-F8EB-4953-9AD9-00EAE7F1C23D} = {6CD59175-6606-4E1A-B171-CF631615BF0F}
		{15CAC549-EAC7-461C-859E-9D4AF121B9D7} = {6CD59175-6606-4E1A-B171-CF631615BF0F}
		{0FE4D548-FBE4-45E3-A721-A410FF1CAA0C} = {6CD59175-6606-4E1A-B171-CF631615BF0F}
		{4D20C478-948F-40D3-8DDD-EC4A2A6E13D2} = {6CD59175-6606-4E1A-B171-CF631615BF0F}
		{BE3D4020-39EF-4CE6-ACF3-11D358F0DCB7} = {69D5B1B9-1EF1-47EC-8FAF-88D5D2CF0A2C}
	EndGlobalSection
	GlobalSection(Performance) = preSolution
		HasPerformanceSessions = true
	EndGlobalSection
EndGlobal
